// !$*UTF8*$!
{
	archiveVersion = 1;
	classes = {
	};
	objectVersion = 51;
	objects = {

/* Begin PBXBuildFile section */
		37BA6878215950FB004EF4A6 /* RepositorySearchViewControllerTests.swift in Sources */ = {isa = PBXBuildFile; fileRef = 37BA6877215950FB004EF4A6 /* RepositorySearchViewControllerTests.swift */; };
		37E3DBBB214E5119003B923B /* SearchRepositoryStore.swift in Sources */ = {isa = PBXBuildFile; fileRef = 37E3DBBA214E5119003B923B /* SearchRepositoryStore.swift */; };
		37E3DBBD214E5124003B923B /* SearchRepositoryDispatcher.swift in Sources */ = {isa = PBXBuildFile; fileRef = 37E3DBBC214E5124003B923B /* SearchRepositoryDispatcher.swift */; };
		37E3DBBF214E5130003B923B /* SearchRepositoryActionCreator.swift in Sources */ = {isa = PBXBuildFile; fileRef = 37E3DBBE214E5130003B923B /* SearchRepositoryActionCreator.swift */; };
		37E3DBC5214E5546003B923B /* RepositorySearchDataSource.swift in Sources */ = {isa = PBXBuildFile; fileRef = 37E3DBC1214E5546003B923B /* RepositorySearchDataSource.swift */; };
		37E3DBC6214E5546003B923B /* RepositorySearchViewModel.swift in Sources */ = {isa = PBXBuildFile; fileRef = 37E3DBC2214E5546003B923B /* RepositorySearchViewModel.swift */; };
		37E3DBC7214E5546003B923B /* RepositorySearchViewController.xib in Resources */ = {isa = PBXBuildFile; fileRef = 37E3DBC3214E5546003B923B /* RepositorySearchViewController.xib */; };
		37E3DBC8214E5546003B923B /* RepositorySearchViewController.swift in Sources */ = {isa = PBXBuildFile; fileRef = 37E3DBC4214E5546003B923B /* RepositorySearchViewController.swift */; };
		37E3DBD0214E586A003B923B /* SelectedRepositoryStore.swift in Sources */ = {isa = PBXBuildFile; fileRef = 37E3DBCF214E586A003B923B /* SelectedRepositoryStore.swift */; };
		37E3DBD2214E5951003B923B /* SelectedRepositoryDispatcher.swift in Sources */ = {isa = PBXBuildFile; fileRef = 37E3DBD1214E5951003B923B /* SelectedRepositoryDispatcher.swift */; };
		37E3DBD4214E5A19003B923B /* SelectedRepositoryActionCreator.swift in Sources */ = {isa = PBXBuildFile; fileRef = 37E3DBD3214E5A19003B923B /* SelectedRepositoryActionCreator.swift */; };
		37E3DBD7214E6CBB003B923B /* FavoriteRepositoryStore.swift in Sources */ = {isa = PBXBuildFile; fileRef = 37E3DBD6214E6CBB003B923B /* FavoriteRepositoryStore.swift */; };
		37E3DBD9214E6CC2003B923B /* FavoriteRepositoryDispatcher.swift in Sources */ = {isa = PBXBuildFile; fileRef = 37E3DBD8214E6CC2003B923B /* FavoriteRepositoryDispatcher.swift */; };
		37E3DBDB214E6CCA003B923B /* FavoriteRepositoryActionCreator.swift in Sources */ = {isa = PBXBuildFile; fileRef = 37E3DBDA214E6CCA003B923B /* FavoriteRepositoryActionCreator.swift */; };
		37E3DBDE214E7603003B923B /* GitHub.User.mock.swift in Sources */ = {isa = PBXBuildFile; fileRef = 37E3DBDD214E7603003B923B /* GitHub.User.mock.swift */; };
		37E3DBE0214E767D003B923B /* GitHub.Pagination.mock.swift in Sources */ = {isa = PBXBuildFile; fileRef = 37E3DBDF214E767D003B923B /* GitHub.Pagination.mock.swift */; };
		37E3DBE2214E8447003B923B /* GitHub.Repository.mock.swift in Sources */ = {isa = PBXBuildFile; fileRef = 37E3DBE1214E8447003B923B /* GitHub.Repository.mock.swift */; };
		385C0944FEDBFB4E39DEF6E4 /* Pods_FluxPlusExample.framework in Frameworks */ = {isa = PBXBuildFile; fileRef = 160AC818763D7D3C6E96630F /* Pods_FluxPlusExample.framework */; };
		A6FBF4D53CAAC555FC7CE2C6 /* Pods_FluxPlusExampleTests.framework in Frameworks */ = {isa = PBXBuildFile; fileRef = 9B65BB7116A32BDF62656434 /* Pods_FluxPlusExampleTests.framework */; };
		ED02EFD7211CB28400A3E915 /* GitHubApiSession.swift in Sources */ = {isa = PBXBuildFile; fileRef = ED02EFD6211CB28400A3E915 /* GitHubApiSession.swift */; };
		ED71C1F521247D5400DF7952 /* RepositorySearchViewModelTests.swift in Sources */ = {isa = PBXBuildFile; fileRef = ED71C1F421247D5400DF7952 /* RepositorySearchViewModelTests.swift */; };
		EDE38F472124706100CA2480 /* Flux.mock.swift in Sources */ = {isa = PBXBuildFile; fileRef = EDE38F462124706100CA2480 /* Flux.mock.swift */; };
		EDE38F492124707D00CA2480 /* MockGitHubApiSession.swift in Sources */ = {isa = PBXBuildFile; fileRef = EDE38F482124707D00CA2480 /* MockGitHubApiSession.swift */; };
		EDE38F4B212470A800CA2480 /* MockLocalCache.swift in Sources */ = {isa = PBXBuildFile; fileRef = EDE38F4A212470A800CA2480 /* MockLocalCache.swift */; };
		EDE38F4C212470CE00CA2480 /* GitHub.framework in Frameworks */ = {isa = PBXBuildFile; fileRef = ED02EF8B211CA1B800A3E915 /* GitHub.framework */; };
		EDE38F4D212470CE00CA2480 /* RxCocoa.framework in Frameworks */ = {isa = PBXBuildFile; fileRef = ED02EF8A211CA1B800A3E915 /* RxCocoa.framework */; };
		EDE38F4E212470CE00CA2480 /* RxSwift.framework in Frameworks */ = {isa = PBXBuildFile; fileRef = ED02EF8C211CA1B800A3E915 /* RxSwift.framework */; };
		EDE38F502124711A00CA2480 /* SearchRepositoryActionCreatorTests.swift in Sources */ = {isa = PBXBuildFile; fileRef = EDE38F4F2124711A00CA2480 /* SearchRepositoryActionCreatorTests.swift */; };
		EDE38F522124715000CA2480 /* SearchRepositoryStoreTests.swift in Sources */ = {isa = PBXBuildFile; fileRef = EDE38F512124715000CA2480 /* SearchRepositoryStoreTests.swift */; };
		EDE5DFA22118187500F5DE2B /* AppDelegate.swift in Sources */ = {isa = PBXBuildFile; fileRef = EDE5DFA12118187500F5DE2B /* AppDelegate.swift */; };
		EDE5DFA72118187500F5DE2B /* Main.storyboard in Resources */ = {isa = PBXBuildFile; fileRef = EDE5DFA52118187500F5DE2B /* Main.storyboard */; };
		EDE5DFA92118187700F5DE2B /* Assets.xcassets in Resources */ = {isa = PBXBuildFile; fileRef = EDE5DFA82118187700F5DE2B /* Assets.xcassets */; };
		EDE5DFAC2118187700F5DE2B /* LaunchScreen.storyboard in Resources */ = {isa = PBXBuildFile; fileRef = EDE5DFAA2118187700F5DE2B /* LaunchScreen.storyboard */; };
		EDE9625421213B2D00F96CA2 /* RxProperty.swift in Sources */ = {isa = PBXBuildFile; fileRef = EDE9625321213B2D00F96CA2 /* RxProperty.swift */; };
		EDE9625721213B6200F96CA2 /* LocalCache.swift in Sources */ = {isa = PBXBuildFile; fileRef = EDE9625521213B6200F96CA2 /* LocalCache.swift */; };
		EDE9625821213B6200F96CA2 /* LocalCacheKey.swift in Sources */ = {isa = PBXBuildFile; fileRef = EDE9625621213B6200F96CA2 /* LocalCacheKey.swift */; };
		EDE9626921213E7B00F96CA2 /* GitHub.Result.swift in Sources */ = {isa = PBXBuildFile; fileRef = EDE9626821213E7B00F96CA2 /* GitHub.Result.swift */; };
		EDE9627A21216AAF00F96CA2 /* FavoritesViewController.swift in Sources */ = {isa = PBXBuildFile; fileRef = EDE9626C21216AAF00F96CA2 /* FavoritesViewController.swift */; };
		EDE9627B21216AAF00F96CA2 /* FavoritesDataSource.swift in Sources */ = {isa = PBXBuildFile; fileRef = EDE9626D21216AAF00F96CA2 /* FavoritesDataSource.swift */; };
		EDE9627C21216AAF00F96CA2 /* FavoritesViewController.xib in Resources */ = {isa = PBXBuildFile; fileRef = EDE9626E21216AAF00F96CA2 /* FavoritesViewController.xib */; };
		EDE9628021216AAF00F96CA2 /* RepositoryDetailViewController.xib in Resources */ = {isa = PBXBuildFile; fileRef = EDE9627421216AAF00F96CA2 /* RepositoryDetailViewController.xib */; };
		EDE9628121216AAF00F96CA2 /* RepositoryDetailViewController.swift in Sources */ = {isa = PBXBuildFile; fileRef = EDE9627521216AAF00F96CA2 /* RepositoryDetailViewController.swift */; };
		EDE9628D212170FE00F96CA2 /* UIViewController.extension.swift in Sources */ = {isa = PBXBuildFile; fileRef = EDE9628B212170FE00F96CA2 /* UIViewController.extension.swift */; };
		EDE9628E212170FE00F96CA2 /* Extension.swift in Sources */ = {isa = PBXBuildFile; fileRef = EDE9628C212170FE00F96CA2 /* Extension.swift */; };
		EDE96290212171BA00F96CA2 /* FavoritesViewModel.swift in Sources */ = {isa = PBXBuildFile; fileRef = EDE9628F212171BA00F96CA2 /* FavoritesViewModel.swift */; };
		EDE96292212262C200F96CA2 /* Flux.swift in Sources */ = {isa = PBXBuildFile; fileRef = EDE96291212262C200F96CA2 /* Flux.swift */; };
		EDE9629A2123C34E00F96CA2 /* RepositoryDetailViewModel.swift in Sources */ = {isa = PBXBuildFile; fileRef = EDE962992123C34E00F96CA2 /* RepositoryDetailViewModel.swift */; };
/* End PBXBuildFile section */

/* Begin PBXContainerItemProxy section */
		EDE5DFB32118187700F5DE2B /* PBXContainerItemProxy */ = {
			isa = PBXContainerItemProxy;
			containerPortal = EDE5DF962118187500F5DE2B /* Project object */;
			proxyType = 1;
			remoteGlobalIDString = EDE5DF9D2118187500F5DE2B;
			remoteInfo = FluxPlusExample;
		};
/* End PBXContainerItemProxy section */

/* Begin PBXFileReference section */
		160AC818763D7D3C6E96630F /* Pods_FluxPlusExample.framework */ = {isa = PBXFileReference; explicitFileType = wrapper.framework; includeInIndex = 0; path = Pods_FluxPlusExample.framework; sourceTree = BUILT_PRODUCTS_DIR; };
		19B94EC2871E48EBAE89F37D /* Pods-FluxPlusExampleTests.release.xcconfig */ = {isa = PBXFileReference; includeInIndex = 1; lastKnownFileType = text.xcconfig; name = "Pods-FluxPlusExampleTests.release.xcconfig"; path = "Target Support Files/Pods-FluxPlusExampleTests/Pods-FluxPlusExampleTests.release.xcconfig"; sourceTree = "<group>"; };
		37BA6877215950FB004EF4A6 /* RepositorySearchViewControllerTests.swift */ = {isa = PBXFileReference; lastKnownFileType = sourcecode.swift; path = RepositorySearchViewControllerTests.swift; sourceTree = "<group>"; };
		37E3DBBA214E5119003B923B /* SearchRepositoryStore.swift */ = {isa = PBXFileReference; lastKnownFileType = sourcecode.swift; path = SearchRepositoryStore.swift; sourceTree = "<group>"; };
		37E3DBBC214E5124003B923B /* SearchRepositoryDispatcher.swift */ = {isa = PBXFileReference; lastKnownFileType = sourcecode.swift; path = SearchRepositoryDispatcher.swift; sourceTree = "<group>"; };
		37E3DBBE214E5130003B923B /* SearchRepositoryActionCreator.swift */ = {isa = PBXFileReference; lastKnownFileType = sourcecode.swift; path = SearchRepositoryActionCreator.swift; sourceTree = "<group>"; };
		37E3DBC1214E5546003B923B /* RepositorySearchDataSource.swift */ = {isa = PBXFileReference; fileEncoding = 4; lastKnownFileType = sourcecode.swift; path = RepositorySearchDataSource.swift; sourceTree = "<group>"; };
		37E3DBC2214E5546003B923B /* RepositorySearchViewModel.swift */ = {isa = PBXFileReference; fileEncoding = 4; lastKnownFileType = sourcecode.swift; path = RepositorySearchViewModel.swift; sourceTree = "<group>"; };
		37E3DBC3214E5546003B923B /* RepositorySearchViewController.xib */ = {isa = PBXFileReference; fileEncoding = 4; lastKnownFileType = file.xib; path = RepositorySearchViewController.xib; sourceTree = "<group>"; };
		37E3DBC4214E5546003B923B /* RepositorySearchViewController.swift */ = {isa = PBXFileReference; fileEncoding = 4; lastKnownFileType = sourcecode.swift; path = RepositorySearchViewController.swift; sourceTree = "<group>"; };
		37E3DBCF214E586A003B923B /* SelectedRepositoryStore.swift */ = {isa = PBXFileReference; lastKnownFileType = sourcecode.swift; path = SelectedRepositoryStore.swift; sourceTree = "<group>"; };
		37E3DBD1214E5951003B923B /* SelectedRepositoryDispatcher.swift */ = {isa = PBXFileReference; lastKnownFileType = sourcecode.swift; path = SelectedRepositoryDispatcher.swift; sourceTree = "<group>"; };
		37E3DBD3214E5A19003B923B /* SelectedRepositoryActionCreator.swift */ = {isa = PBXFileReference; lastKnownFileType = sourcecode.swift; path = SelectedRepositoryActionCreator.swift; sourceTree = "<group>"; };
		37E3DBD6214E6CBB003B923B /* FavoriteRepositoryStore.swift */ = {isa = PBXFileReference; lastKnownFileType = sourcecode.swift; path = FavoriteRepositoryStore.swift; sourceTree = "<group>"; };
		37E3DBD8214E6CC2003B923B /* FavoriteRepositoryDispatcher.swift */ = {isa = PBXFileReference; lastKnownFileType = sourcecode.swift; path = FavoriteRepositoryDispatcher.swift; sourceTree = "<group>"; };
		37E3DBDA214E6CCA003B923B /* FavoriteRepositoryActionCreator.swift */ = {isa = PBXFileReference; lastKnownFileType = sourcecode.swift; path = FavoriteRepositoryActionCreator.swift; sourceTree = "<group>"; };
		37E3DBDD214E7603003B923B /* GitHub.User.mock.swift */ = {isa = PBXFileReference; lastKnownFileType = sourcecode.swift; path = GitHub.User.mock.swift; sourceTree = "<group>"; };
		37E3DBDF214E767D003B923B /* GitHub.Pagination.mock.swift */ = {isa = PBXFileReference; lastKnownFileType = sourcecode.swift; path = GitHub.Pagination.mock.swift; sourceTree = "<group>"; };
		37E3DBE1214E8447003B923B /* GitHub.Repository.mock.swift */ = {isa = PBXFileReference; lastKnownFileType = sourcecode.swift; path = GitHub.Repository.mock.swift; sourceTree = "<group>"; };
		5B2831B5B8D564911D666656 /* Pods-FluxPlusExample.debug.xcconfig */ = {isa = PBXFileReference; includeInIndex = 1; lastKnownFileType = text.xcconfig; name = "Pods-FluxPlusExample.debug.xcconfig"; path = "Target Support Files/Pods-FluxPlusExample/Pods-FluxPlusExample.debug.xcconfig"; sourceTree = "<group>"; };
		650C1EA8E87E5DEE91810C37 /* Pods-FluxPlusExampleTests.debug.xcconfig */ = {isa = PBXFileReference; includeInIndex = 1; lastKnownFileType = text.xcconfig; name = "Pods-FluxPlusExampleTests.debug.xcconfig"; path = "Target Support Files/Pods-FluxPlusExampleTests/Pods-FluxPlusExampleTests.debug.xcconfig"; sourceTree = "<group>"; };
		9B65BB7116A32BDF62656434 /* Pods_FluxPlusExampleTests.framework */ = {isa = PBXFileReference; explicitFileType = wrapper.framework; includeInIndex = 0; path = Pods_FluxPlusExampleTests.framework; sourceTree = BUILT_PRODUCTS_DIR; };
		ED02EF8A211CA1B800A3E915 /* RxCocoa.framework */ = {isa = PBXFileReference; lastKnownFileType = wrapper.framework; name = RxCocoa.framework; path = Carthage/Build/iOS/RxCocoa.framework; sourceTree = "<group>"; };
		ED02EF8B211CA1B800A3E915 /* GitHub.framework */ = {isa = PBXFileReference; lastKnownFileType = wrapper.framework; name = GitHub.framework; path = Carthage/Build/iOS/GitHub.framework; sourceTree = "<group>"; };
		ED02EF8C211CA1B800A3E915 /* RxSwift.framework */ = {isa = PBXFileReference; lastKnownFileType = wrapper.framework; name = RxSwift.framework; path = Carthage/Build/iOS/RxSwift.framework; sourceTree = "<group>"; };
		ED02EFD6211CB28400A3E915 /* GitHubApiSession.swift */ = {isa = PBXFileReference; lastKnownFileType = sourcecode.swift; path = GitHubApiSession.swift; sourceTree = "<group>"; };
		ED71C1F421247D5400DF7952 /* RepositorySearchViewModelTests.swift */ = {isa = PBXFileReference; lastKnownFileType = sourcecode.swift; path = RepositorySearchViewModelTests.swift; sourceTree = "<group>"; };
		EDE38F462124706100CA2480 /* Flux.mock.swift */ = {isa = PBXFileReference; lastKnownFileType = sourcecode.swift; path = Flux.mock.swift; sourceTree = "<group>"; };
		EDE38F482124707D00CA2480 /* MockGitHubApiSession.swift */ = {isa = PBXFileReference; lastKnownFileType = sourcecode.swift; path = MockGitHubApiSession.swift; sourceTree = "<group>"; };
		EDE38F4A212470A800CA2480 /* MockLocalCache.swift */ = {isa = PBXFileReference; lastKnownFileType = sourcecode.swift; path = MockLocalCache.swift; sourceTree = "<group>"; };
		EDE38F4F2124711A00CA2480 /* SearchRepositoryActionCreatorTests.swift */ = {isa = PBXFileReference; lastKnownFileType = sourcecode.swift; path = SearchRepositoryActionCreatorTests.swift; sourceTree = "<group>"; };
		EDE38F512124715000CA2480 /* SearchRepositoryStoreTests.swift */ = {isa = PBXFileReference; lastKnownFileType = sourcecode.swift; path = SearchRepositoryStoreTests.swift; sourceTree = "<group>"; };
		EDE5DF9E2118187500F5DE2B /* FluxPlusExample.app */ = {isa = PBXFileReference; explicitFileType = wrapper.application; includeInIndex = 0; path = FluxPlusExample.app; sourceTree = BUILT_PRODUCTS_DIR; };
		EDE5DFA12118187500F5DE2B /* AppDelegate.swift */ = {isa = PBXFileReference; lastKnownFileType = sourcecode.swift; path = AppDelegate.swift; sourceTree = "<group>"; };
		EDE5DFA62118187500F5DE2B /* Base */ = {isa = PBXFileReference; lastKnownFileType = file.storyboard; name = Base; path = Base.lproj/Main.storyboard; sourceTree = "<group>"; };
		EDE5DFA82118187700F5DE2B /* Assets.xcassets */ = {isa = PBXFileReference; lastKnownFileType = folder.assetcatalog; path = Assets.xcassets; sourceTree = "<group>"; };
		EDE5DFAB2118187700F5DE2B /* Base */ = {isa = PBXFileReference; lastKnownFileType = file.storyboard; name = Base; path = Base.lproj/LaunchScreen.storyboard; sourceTree = "<group>"; };
		EDE5DFAD2118187700F5DE2B /* Info.plist */ = {isa = PBXFileReference; lastKnownFileType = text.plist.xml; path = Info.plist; sourceTree = "<group>"; };
		EDE5DFB22118187700F5DE2B /* FluxPlusExampleTests.xctest */ = {isa = PBXFileReference; explicitFileType = wrapper.cfbundle; includeInIndex = 0; path = FluxPlusExampleTests.xctest; sourceTree = BUILT_PRODUCTS_DIR; };
		EDE5DFB82118187700F5DE2B /* Info.plist */ = {isa = PBXFileReference; lastKnownFileType = text.plist.xml; path = Info.plist; sourceTree = "<group>"; };
		EDE9625321213B2D00F96CA2 /* RxProperty.swift */ = {isa = PBXFileReference; fileEncoding = 4; lastKnownFileType = sourcecode.swift; name = RxProperty.swift; path = External/RxProperty/RxProperty.swift; sourceTree = SOURCE_ROOT; };
		EDE9625521213B6200F96CA2 /* LocalCache.swift */ = {isa = PBXFileReference; fileEncoding = 4; lastKnownFileType = sourcecode.swift; path = LocalCache.swift; sourceTree = "<group>"; };
		EDE9625621213B6200F96CA2 /* LocalCacheKey.swift */ = {isa = PBXFileReference; fileEncoding = 4; lastKnownFileType = sourcecode.swift; path = LocalCacheKey.swift; sourceTree = "<group>"; };
		EDE9626821213E7B00F96CA2 /* GitHub.Result.swift */ = {isa = PBXFileReference; lastKnownFileType = sourcecode.swift; path = GitHub.Result.swift; sourceTree = "<group>"; };
		EDE9626C21216AAF00F96CA2 /* FavoritesViewController.swift */ = {isa = PBXFileReference; fileEncoding = 4; lastKnownFileType = sourcecode.swift; path = FavoritesViewController.swift; sourceTree = "<group>"; };
		EDE9626D21216AAF00F96CA2 /* FavoritesDataSource.swift */ = {isa = PBXFileReference; fileEncoding = 4; lastKnownFileType = sourcecode.swift; path = FavoritesDataSource.swift; sourceTree = "<group>"; };
		EDE9626E21216AAF00F96CA2 /* FavoritesViewController.xib */ = {isa = PBXFileReference; fileEncoding = 4; lastKnownFileType = file.xib; path = FavoritesViewController.xib; sourceTree = "<group>"; };
		EDE9627421216AAF00F96CA2 /* RepositoryDetailViewController.xib */ = {isa = PBXFileReference; fileEncoding = 4; lastKnownFileType = file.xib; path = RepositoryDetailViewController.xib; sourceTree = "<group>"; };
		EDE9627521216AAF00F96CA2 /* RepositoryDetailViewController.swift */ = {isa = PBXFileReference; fileEncoding = 4; lastKnownFileType = sourcecode.swift; path = RepositoryDetailViewController.swift; sourceTree = "<group>"; };
		EDE9628B212170FE00F96CA2 /* UIViewController.extension.swift */ = {isa = PBXFileReference; fileEncoding = 4; lastKnownFileType = sourcecode.swift; path = UIViewController.extension.swift; sourceTree = "<group>"; };
		EDE9628C212170FE00F96CA2 /* Extension.swift */ = {isa = PBXFileReference; fileEncoding = 4; lastKnownFileType = sourcecode.swift; path = Extension.swift; sourceTree = "<group>"; };
		EDE9628F212171BA00F96CA2 /* FavoritesViewModel.swift */ = {isa = PBXFileReference; lastKnownFileType = sourcecode.swift; path = FavoritesViewModel.swift; sourceTree = "<group>"; };
		EDE96291212262C200F96CA2 /* Flux.swift */ = {isa = PBXFileReference; lastKnownFileType = sourcecode.swift; path = Flux.swift; sourceTree = "<group>"; };
		EDE962992123C34E00F96CA2 /* RepositoryDetailViewModel.swift */ = {isa = PBXFileReference; lastKnownFileType = sourcecode.swift; path = RepositoryDetailViewModel.swift; sourceTree = "<group>"; };
		F7AAF16E57C3333EDDD19A51 /* Pods-FluxPlusExample.release.xcconfig */ = {isa = PBXFileReference; includeInIndex = 1; lastKnownFileType = text.xcconfig; name = "Pods-FluxPlusExample.release.xcconfig"; path = "Target Support Files/Pods-FluxPlusExample/Pods-FluxPlusExample.release.xcconfig"; sourceTree = "<group>"; };
/* End PBXFileReference section */

/* Begin PBXFrameworksBuildPhase section */
		EDE5DF9B2118187500F5DE2B /* Frameworks */ = {
			isa = PBXFrameworksBuildPhase;
			buildActionMask = 2147483647;
			files = (
				385C0944FEDBFB4E39DEF6E4 /* Pods_FluxPlusExample.framework in Frameworks */,
			);
			runOnlyForDeploymentPostprocessing = 0;
		};
		EDE5DFAF2118187700F5DE2B /* Frameworks */ = {
			isa = PBXFrameworksBuildPhase;
			buildActionMask = 2147483647;
			files = (
				EDE38F4C212470CE00CA2480 /* GitHub.framework in Frameworks */,
				EDE38F4D212470CE00CA2480 /* RxCocoa.framework in Frameworks */,
				EDE38F4E212470CE00CA2480 /* RxSwift.framework in Frameworks */,
				A6FBF4D53CAAC555FC7CE2C6 /* Pods_FluxPlusExampleTests.framework in Frameworks */,
			);
			runOnlyForDeploymentPostprocessing = 0;
		};
/* End PBXFrameworksBuildPhase section */

/* Begin PBXGroup section */
		37BA6876215950E0004EF4A6 /* View */ = {
			isa = PBXGroup;
			children = (
				37BA6877215950FB004EF4A6 /* RepositorySearchViewControllerTests.swift */,
			);
			path = View;
			sourceTree = "<group>";
		};
		37E3DBB9214E5105003B923B /* Search */ = {
			isa = PBXGroup;
			children = (
				37E3DBBA214E5119003B923B /* SearchRepositoryStore.swift */,
				37E3DBBC214E5124003B923B /* SearchRepositoryDispatcher.swift */,
				37E3DBBE214E5130003B923B /* SearchRepositoryActionCreator.swift */,
			);
			path = Search;
			sourceTree = "<group>";
		};
		37E3DBC0214E54EC003B923B /* RepositorySearch */ = {
			isa = PBXGroup;
			children = (
				37E3DBC1214E5546003B923B /* RepositorySearchDataSource.swift */,
				37E3DBC4214E5546003B923B /* RepositorySearchViewController.swift */,
				37E3DBC3214E5546003B923B /* RepositorySearchViewController.xib */,
				37E3DBC2214E5546003B923B /* RepositorySearchViewModel.swift */,
			);
			path = RepositorySearch;
			sourceTree = "<group>";
		};
		37E3DBCE214E584D003B923B /* Selected */ = {
			isa = PBXGroup;
			children = (
				37E3DBCF214E586A003B923B /* SelectedRepositoryStore.swift */,
				37E3DBD1214E5951003B923B /* SelectedRepositoryDispatcher.swift */,
				37E3DBD3214E5A19003B923B /* SelectedRepositoryActionCreator.swift */,
			);
			path = Selected;
			sourceTree = "<group>";
		};
		37E3DBD5214E6CAA003B923B /* Favorite */ = {
			isa = PBXGroup;
			children = (
				37E3DBD6214E6CBB003B923B /* FavoriteRepositoryStore.swift */,
				37E3DBD8214E6CC2003B923B /* FavoriteRepositoryDispatcher.swift */,
				37E3DBDA214E6CCA003B923B /* FavoriteRepositoryActionCreator.swift */,
			);
			path = Favorite;
			sourceTree = "<group>";
		};
		37E3DBDC214E75F5003B923B /* Data */ = {
			isa = PBXGroup;
			children = (
				37E3DBDD214E7603003B923B /* GitHub.User.mock.swift */,
				37E3DBDF214E767D003B923B /* GitHub.Pagination.mock.swift */,
				37E3DBE1214E8447003B923B /* GitHub.Repository.mock.swift */,
			);
			path = Data;
			sourceTree = "<group>";
		};
		4DED19C91D4C9EA5DD13D68A /* Pods */ = {
			isa = PBXGroup;
			children = (
				5B2831B5B8D564911D666656 /* Pods-FluxPlusExample.debug.xcconfig */,
				F7AAF16E57C3333EDDD19A51 /* Pods-FluxPlusExample.release.xcconfig */,
				650C1EA8E87E5DEE91810C37 /* Pods-FluxPlusExampleTests.debug.xcconfig */,
				19B94EC2871E48EBAE89F37D /* Pods-FluxPlusExampleTests.release.xcconfig */,
			);
			path = Pods;
			sourceTree = "<group>";
		};
		ED02EF89211CA1B800A3E915 /* Frameworks */ = {
			isa = PBXGroup;
			children = (
				ED02EF8B211CA1B800A3E915 /* GitHub.framework */,
				ED02EF8A211CA1B800A3E915 /* RxCocoa.framework */,
				ED02EF8C211CA1B800A3E915 /* RxSwift.framework */,
				160AC818763D7D3C6E96630F /* Pods_FluxPlusExample.framework */,
				9B65BB7116A32BDF62656434 /* Pods_FluxPlusExampleTests.framework */,
			);
			name = Frameworks;
			sourceTree = "<group>";
		};
		ED02EFD5211CB27800A3E915 /* GitHub */ = {
			isa = PBXGroup;
			children = (
				ED02EFD6211CB28400A3E915 /* GitHubApiSession.swift */,
				EDE9626821213E7B00F96CA2 /* GitHub.Result.swift */,
			);
			path = GitHub;
			sourceTree = "<group>";
		};
		ED71C1F621247D5A00DF7952 /* Flux */ = {
			isa = PBXGroup;
			children = (
				EDE38F4F2124711A00CA2480 /* SearchRepositoryActionCreatorTests.swift */,
				EDE38F512124715000CA2480 /* SearchRepositoryStoreTests.swift */,
			);
			path = Flux;
			sourceTree = "<group>";
		};
		ED71C1F721247D6500DF7952 /* ViewModel */ = {
			isa = PBXGroup;
			children = (
				ED71C1F421247D5400DF7952 /* RepositorySearchViewModelTests.swift */,
			);
			path = ViewModel;
			sourceTree = "<group>";
		};
		EDE38F4421246FDD00CA2480 /* Tests */ = {
			isa = PBXGroup;
			children = (
				37BA6876215950E0004EF4A6 /* View */,
				ED71C1F721247D6500DF7952 /* ViewModel */,
				ED71C1F621247D5A00DF7952 /* Flux */,
			);
			path = Tests;
			sourceTree = "<group>";
		};
		EDE38F4521246FE600CA2480 /* Mock */ = {
			isa = PBXGroup;
			children = (
				37E3DBDC214E75F5003B923B /* Data */,
				EDE38F462124706100CA2480 /* Flux.mock.swift */,
				EDE38F482124707D00CA2480 /* MockGitHubApiSession.swift */,
				EDE38F4A212470A800CA2480 /* MockLocalCache.swift */,
			);
			path = Mock;
			sourceTree = "<group>";
		};
		EDE5DF952118187500F5DE2B = {
			isa = PBXGroup;
			children = (
				EDE5DFA02118187500F5DE2B /* FluxPlusExample */,
				EDE5DFB52118187700F5DE2B /* FluxPlusExampleTests */,
				EDE5DF9F2118187500F5DE2B /* Products */,
				ED02EF89211CA1B800A3E915 /* Frameworks */,
				4DED19C91D4C9EA5DD13D68A /* Pods */,
			);
			sourceTree = "<group>";
		};
		EDE5DF9F2118187500F5DE2B /* Products */ = {
			isa = PBXGroup;
			children = (
				EDE5DF9E2118187500F5DE2B /* FluxPlusExample.app */,
				EDE5DFB22118187700F5DE2B /* FluxPlusExampleTests.xctest */,
			);
			name = Products;
			sourceTree = "<group>";
		};
		EDE5DFA02118187500F5DE2B /* FluxPlusExample */ = {
			isa = PBXGroup;
			children = (
				EDE9628A212170FE00F96CA2 /* Extension */,
				EDE9626A21216AAF00F96CA2 /* View */,
				EDE9625921213B8F00F96CA2 /* Flux */,
				EDE9625221213B1800F96CA2 /* Util */,
				ED02EFD5211CB27800A3E915 /* GitHub */,
				EDE5DFA12118187500F5DE2B /* AppDelegate.swift */,
				EDE5DFA52118187500F5DE2B /* Main.storyboard */,
				EDE5DFA82118187700F5DE2B /* Assets.xcassets */,
				EDE5DFAA2118187700F5DE2B /* LaunchScreen.storyboard */,
				EDE5DFAD2118187700F5DE2B /* Info.plist */,
			);
			path = FluxPlusExample;
			sourceTree = "<group>";
		};
		EDE5DFB52118187700F5DE2B /* FluxPlusExampleTests */ = {
			isa = PBXGroup;
			children = (
				EDE38F4521246FE600CA2480 /* Mock */,
				EDE38F4421246FDD00CA2480 /* Tests */,
				EDE5DFB82118187700F5DE2B /* Info.plist */,
			);
			path = FluxPlusExampleTests;
			sourceTree = "<group>";
		};
		EDE9625221213B1800F96CA2 /* Util */ = {
			isa = PBXGroup;
			children = (
				EDE9625521213B6200F96CA2 /* LocalCache.swift */,
				EDE9625621213B6200F96CA2 /* LocalCacheKey.swift */,
				EDE9625321213B2D00F96CA2 /* RxProperty.swift */,
			);
			path = Util;
			sourceTree = "<group>";
		};
		EDE9625921213B8F00F96CA2 /* Flux */ = {
			isa = PBXGroup;
			children = (
				37E3DBD5214E6CAA003B923B /* Favorite */,
				37E3DBCE214E584D003B923B /* Selected */,
				37E3DBB9214E5105003B923B /* Search */,
				EDE96291212262C200F96CA2 /* Flux.swift */,
			);
			path = Flux;
			sourceTree = "<group>";
		};
		EDE9626A21216AAF00F96CA2 /* View */ = {
			isa = PBXGroup;
			children = (
				37E3DBC0214E54EC003B923B /* RepositorySearch */,
				EDE9626B21216AAF00F96CA2 /* Favorites */,
				EDE9627321216AAF00F96CA2 /* RepositoryDetail */,
			);
			path = View;
			sourceTree = "<group>";
		};
		EDE9626B21216AAF00F96CA2 /* Favorites */ = {
			isa = PBXGroup;
			children = (
				EDE9626C21216AAF00F96CA2 /* FavoritesViewController.swift */,
				EDE9626D21216AAF00F96CA2 /* FavoritesDataSource.swift */,
				EDE9626E21216AAF00F96CA2 /* FavoritesViewController.xib */,
				EDE9628F212171BA00F96CA2 /* FavoritesViewModel.swift */,
			);
			path = Favorites;
			sourceTree = "<group>";
		};
		EDE9627321216AAF00F96CA2 /* RepositoryDetail */ = {
			isa = PBXGroup;
			children = (
				EDE9627521216AAF00F96CA2 /* RepositoryDetailViewController.swift */,
				EDE9627421216AAF00F96CA2 /* RepositoryDetailViewController.xib */,
				EDE962992123C34E00F96CA2 /* RepositoryDetailViewModel.swift */,
			);
			path = RepositoryDetail;
			sourceTree = "<group>";
		};
		EDE9628A212170FE00F96CA2 /* Extension */ = {
			isa = PBXGroup;
			children = (
				EDE9628B212170FE00F96CA2 /* UIViewController.extension.swift */,
				EDE9628C212170FE00F96CA2 /* Extension.swift */,
			);
			path = Extension;
			sourceTree = "<group>";
		};
/* End PBXGroup section */

/* Begin PBXNativeTarget section */
		EDE5DF9D2118187500F5DE2B /* FluxPlusExample */ = {
			isa = PBXNativeTarget;
			buildConfigurationList = EDE5DFBB2118187700F5DE2B /* Build configuration list for PBXNativeTarget "FluxPlusExample" */;
			buildPhases = (
				A9A1996D058DE7D5284DCCB2 /* [CP] Check Pods Manifest.lock */,
				EDE5DF9A2118187500F5DE2B /* Sources */,
				EDE5DF9B2118187500F5DE2B /* Frameworks */,
				EDE5DF9C2118187500F5DE2B /* Resources */,
				549CDCF884C19B00F9AD8933 /* [CP] Embed Pods Frameworks */,
			);
			buildRules = (
			);
			dependencies = (
			);
			name = FluxPlusExample;
			productName = FluxPlusExample;
			productReference = EDE5DF9E2118187500F5DE2B /* FluxPlusExample.app */;
			productType = "com.apple.product-type.application";
		};
		EDE5DFB12118187700F5DE2B /* FluxPlusExampleTests */ = {
			isa = PBXNativeTarget;
			buildConfigurationList = EDE5DFBE2118187700F5DE2B /* Build configuration list for PBXNativeTarget "FluxPlusExampleTests" */;
			buildPhases = (
				A206FE4B360B5523B29F9E93 /* [CP] Check Pods Manifest.lock */,
				EDE5DFAE2118187700F5DE2B /* Sources */,
				EDE5DFAF2118187700F5DE2B /* Frameworks */,
				EDE5DFB02118187700F5DE2B /* Resources */,
			);
			buildRules = (
			);
			dependencies = (
				EDE5DFB42118187700F5DE2B /* PBXTargetDependency */,
			);
			name = FluxPlusExampleTests;
			productName = FluxPlusExampleTests;
			productReference = EDE5DFB22118187700F5DE2B /* FluxPlusExampleTests.xctest */;
			productType = "com.apple.product-type.bundle.unit-test";
		};
/* End PBXNativeTarget section */

/* Begin PBXProject section */
		EDE5DF962118187500F5DE2B /* Project object */ = {
			isa = PBXProject;
			attributes = {
				LastSwiftUpdateCheck = 0940;
				LastUpgradeCheck = 1240;
				ORGANIZATIONNAME = "marty-suzuki";
				TargetAttributes = {
					EDE5DF9D2118187500F5DE2B = {
						CreatedOnToolsVersion = 9.4.1;
						LastSwiftMigration = 1240;
					};
					EDE5DFB12118187700F5DE2B = {
						CreatedOnToolsVersion = 9.4.1;
						LastSwiftMigration = 1240;
						TestTargetID = EDE5DF9D2118187500F5DE2B;
					};
				};
			};
			buildConfigurationList = EDE5DF992118187500F5DE2B /* Build configuration list for PBXProject "FluxPlusExample" */;
			compatibilityVersion = "Xcode 9.3";
			developmentRegion = en;
			hasScannedForEncodings = 0;
			knownRegions = (
				en,
				Base,
			);
			mainGroup = EDE5DF952118187500F5DE2B;
			productRefGroup = EDE5DF9F2118187500F5DE2B /* Products */;
			projectDirPath = "";
			projectRoot = "";
			targets = (
				EDE5DF9D2118187500F5DE2B /* FluxPlusExample */,
				EDE5DFB12118187700F5DE2B /* FluxPlusExampleTests */,
			);
		};
/* End PBXProject section */

/* Begin PBXResourcesBuildPhase section */
		EDE5DF9C2118187500F5DE2B /* Resources */ = {
			isa = PBXResourcesBuildPhase;
			buildActionMask = 2147483647;
			files = (
				37E3DBC7214E5546003B923B /* RepositorySearchViewController.xib in Resources */,
				EDE5DFAC2118187700F5DE2B /* LaunchScreen.storyboard in Resources */,
				EDE9628021216AAF00F96CA2 /* RepositoryDetailViewController.xib in Resources */,
				EDE5DFA92118187700F5DE2B /* Assets.xcassets in Resources */,
				EDE9627C21216AAF00F96CA2 /* FavoritesViewController.xib in Resources */,
				EDE5DFA72118187500F5DE2B /* Main.storyboard in Resources */,
			);
			runOnlyForDeploymentPostprocessing = 0;
		};
		EDE5DFB02118187700F5DE2B /* Resources */ = {
			isa = PBXResourcesBuildPhase;
			buildActionMask = 2147483647;
			files = (
			);
			runOnlyForDeploymentPostprocessing = 0;
		};
/* End PBXResourcesBuildPhase section */

/* Begin PBXShellScriptBuildPhase section */
		549CDCF884C19B00F9AD8933 /* [CP] Embed Pods Frameworks */ = {
			isa = PBXShellScriptBuildPhase;
			buildActionMask = 2147483647;
			files = (
			);
			inputFileListPaths = (
				"${PODS_ROOT}/Target Support Files/Pods-FluxPlusExample/Pods-FluxPlusExample-frameworks-${CONFIGURATION}-input-files.xcfilelist",
			);
			name = "[CP] Embed Pods Frameworks";
			outputFileListPaths = (
				"${PODS_ROOT}/Target Support Files/Pods-FluxPlusExample/Pods-FluxPlusExample-frameworks-${CONFIGURATION}-output-files.xcfilelist",
			);
			runOnlyForDeploymentPostprocessing = 0;
			shellPath = /bin/sh;
			shellScript = "\"${PODS_ROOT}/Target Support Files/Pods-FluxPlusExample/Pods-FluxPlusExample-frameworks.sh\"\n";
			showEnvVarsInLog = 0;
		};
		A206FE4B360B5523B29F9E93 /* [CP] Check Pods Manifest.lock */ = {
			isa = PBXShellScriptBuildPhase;
			buildActionMask = 2147483647;
			files = (
			);
			inputFileListPaths = (
			);
			inputPaths = (
				"${PODS_PODFILE_DIR_PATH}/Podfile.lock",
				"${PODS_ROOT}/Manifest.lock",
			);
			name = "[CP] Check Pods Manifest.lock";
			outputFileListPaths = (
			);
			outputPaths = (
				"$(DERIVED_FILE_DIR)/Pods-FluxPlusExampleTests-checkManifestLockResult.txt",
			);
			runOnlyForDeploymentPostprocessing = 0;
			shellPath = /bin/sh;
			shellScript = "diff \"${PODS_PODFILE_DIR_PATH}/Podfile.lock\" \"${PODS_ROOT}/Manifest.lock\" > /dev/null\nif [ $? != 0 ] ; then\n    # print error to STDERR\n    echo \"error: The sandbox is not in sync with the Podfile.lock. Run 'pod install' or update your CocoaPods installation.\" >&2\n    exit 1\nfi\n# This output is used by Xcode 'outputs' to avoid re-running this script phase.\necho \"SUCCESS\" > \"${SCRIPT_OUTPUT_FILE_0}\"\n";
			showEnvVarsInLog = 0;
		};
		A9A1996D058DE7D5284DCCB2 /* [CP] Check Pods Manifest.lock */ = {
			isa = PBXShellScriptBuildPhase;
			buildActionMask = 2147483647;
			files = (
			);
			inputFileListPaths = (
			);
			inputPaths = (
				"${PODS_PODFILE_DIR_PATH}/Podfile.lock",
				"${PODS_ROOT}/Manifest.lock",
			);
			name = "[CP] Check Pods Manifest.lock";
			outputFileListPaths = (
			);
			outputPaths = (
				"$(DERIVED_FILE_DIR)/Pods-FluxPlusExample-checkManifestLockResult.txt",
			);
			runOnlyForDeploymentPostprocessing = 0;
			shellPath = /bin/sh;
			shellScript = "diff \"${PODS_PODFILE_DIR_PATH}/Podfile.lock\" \"${PODS_ROOT}/Manifest.lock\" > /dev/null\nif [ $? != 0 ] ; then\n    # print error to STDERR\n    echo \"error: The sandbox is not in sync with the Podfile.lock. Run 'pod install' or update your CocoaPods installation.\" >&2\n    exit 1\nfi\n# This output is used by Xcode 'outputs' to avoid re-running this script phase.\necho \"SUCCESS\" > \"${SCRIPT_OUTPUT_FILE_0}\"\n";
			showEnvVarsInLog = 0;
		};
/* End PBXShellScriptBuildPhase section */

/* Begin PBXSourcesBuildPhase section */
		EDE5DF9A2118187500F5DE2B /* Sources */ = {
			isa = PBXSourcesBuildPhase;
			buildActionMask = 2147483647;
			files = (
				EDE9627A21216AAF00F96CA2 /* FavoritesViewController.swift in Sources */,
				37E3DBDB214E6CCA003B923B /* FavoriteRepositoryActionCreator.swift in Sources */,
				EDE9628121216AAF00F96CA2 /* RepositoryDetailViewController.swift in Sources */,
				EDE9625721213B6200F96CA2 /* LocalCache.swift in Sources */,
				EDE96292212262C200F96CA2 /* Flux.swift in Sources */,
				37E3DBBB214E5119003B923B /* SearchRepositoryStore.swift in Sources */,
				37E3DBD9214E6CC2003B923B /* FavoriteRepositoryDispatcher.swift in Sources */,
				ED02EFD7211CB28400A3E915 /* GitHubApiSession.swift in Sources */,
				37E3DBD4214E5A19003B923B /* SelectedRepositoryActionCreator.swift in Sources */,
				EDE9625821213B6200F96CA2 /* LocalCacheKey.swift in Sources */,
				EDE9626921213E7B00F96CA2 /* GitHub.Result.swift in Sources */,
				EDE9625421213B2D00F96CA2 /* RxProperty.swift in Sources */,
				EDE9628E212170FE00F96CA2 /* Extension.swift in Sources */,
				37E3DBD7214E6CBB003B923B /* FavoriteRepositoryStore.swift in Sources */,
				37E3DBC5214E5546003B923B /* RepositorySearchDataSource.swift in Sources */,
				37E3DBBF214E5130003B923B /* SearchRepositoryActionCreator.swift in Sources */,
				EDE9628D212170FE00F96CA2 /* UIViewController.extension.swift in Sources */,
				37E3DBBD214E5124003B923B /* SearchRepositoryDispatcher.swift in Sources */,
				EDE96290212171BA00F96CA2 /* FavoritesViewModel.swift in Sources */,
				37E3DBC8214E5546003B923B /* RepositorySearchViewController.swift in Sources */,
				37E3DBC6214E5546003B923B /* RepositorySearchViewModel.swift in Sources */,
				EDE9627B21216AAF00F96CA2 /* FavoritesDataSource.swift in Sources */,
				EDE9629A2123C34E00F96CA2 /* RepositoryDetailViewModel.swift in Sources */,
				EDE5DFA22118187500F5DE2B /* AppDelegate.swift in Sources */,
				37E3DBD0214E586A003B923B /* SelectedRepositoryStore.swift in Sources */,
				37E3DBD2214E5951003B923B /* SelectedRepositoryDispatcher.swift in Sources */,
			);
			runOnlyForDeploymentPostprocessing = 0;
		};
		EDE5DFAE2118187700F5DE2B /* Sources */ = {
			isa = PBXSourcesBuildPhase;
			buildActionMask = 2147483647;
			files = (
				EDE38F522124715000CA2480 /* SearchRepositoryStoreTests.swift in Sources */,
				ED71C1F521247D5400DF7952 /* RepositorySearchViewModelTests.swift in Sources */,
				37E3DBE0214E767D003B923B /* GitHub.Pagination.mock.swift in Sources */,
				37E3DBE2214E8447003B923B /* GitHub.Repository.mock.swift in Sources */,
				37BA6878215950FB004EF4A6 /* RepositorySearchViewControllerTests.swift in Sources */,
				EDE38F502124711A00CA2480 /* SearchRepositoryActionCreatorTests.swift in Sources */,
				EDE38F492124707D00CA2480 /* MockGitHubApiSession.swift in Sources */,
				EDE38F4B212470A800CA2480 /* MockLocalCache.swift in Sources */,
				EDE38F472124706100CA2480 /* Flux.mock.swift in Sources */,
				37E3DBDE214E7603003B923B /* GitHub.User.mock.swift in Sources */,
			);
			runOnlyForDeploymentPostprocessing = 0;
		};
/* End PBXSourcesBuildPhase section */

/* Begin PBXTargetDependency section */
		EDE5DFB42118187700F5DE2B /* PBXTargetDependency */ = {
			isa = PBXTargetDependency;
			target = EDE5DF9D2118187500F5DE2B /* FluxPlusExample */;
			targetProxy = EDE5DFB32118187700F5DE2B /* PBXContainerItemProxy */;
		};
/* End PBXTargetDependency section */

/* Begin PBXVariantGroup section */
		EDE5DFA52118187500F5DE2B /* Main.storyboard */ = {
			isa = PBXVariantGroup;
			children = (
				EDE5DFA62118187500F5DE2B /* Base */,
			);
			name = Main.storyboard;
			sourceTree = "<group>";
		};
		EDE5DFAA2118187700F5DE2B /* LaunchScreen.storyboard */ = {
			isa = PBXVariantGroup;
			children = (
				EDE5DFAB2118187700F5DE2B /* Base */,
			);
			name = LaunchScreen.storyboard;
			sourceTree = "<group>";
		};
/* End PBXVariantGroup section */

/* Begin XCBuildConfiguration section */
		EDE5DFB92118187700F5DE2B /* Debug */ = {
			isa = XCBuildConfiguration;
			buildSettings = {
				ALWAYS_SEARCH_USER_PATHS = NO;
				CLANG_ANALYZER_NONNULL = YES;
				CLANG_ANALYZER_NUMBER_OBJECT_CONVERSION = YES_AGGRESSIVE;
				CLANG_CXX_LANGUAGE_STANDARD = "gnu++14";
				CLANG_CXX_LIBRARY = "libc++";
				CLANG_ENABLE_MODULES = YES;
				CLANG_ENABLE_OBJC_ARC = YES;
				CLANG_ENABLE_OBJC_WEAK = YES;
				CLANG_WARN_BLOCK_CAPTURE_AUTORELEASING = YES;
				CLANG_WARN_BOOL_CONVERSION = YES;
				CLANG_WARN_COMMA = YES;
				CLANG_WARN_CONSTANT_CONVERSION = YES;
				CLANG_WARN_DEPRECATED_OBJC_IMPLEMENTATIONS = YES;
				CLANG_WARN_DIRECT_OBJC_ISA_USAGE = YES_ERROR;
				CLANG_WARN_DOCUMENTATION_COMMENTS = YES;
				CLANG_WARN_EMPTY_BODY = YES;
				CLANG_WARN_ENUM_CONVERSION = YES;
				CLANG_WARN_INFINITE_RECURSION = YES;
				CLANG_WARN_INT_CONVERSION = YES;
				CLANG_WARN_NON_LITERAL_NULL_CONVERSION = YES;
				CLANG_WARN_OBJC_IMPLICIT_RETAIN_SELF = YES;
				CLANG_WARN_OBJC_LITERAL_CONVERSION = YES;
				CLANG_WARN_OBJC_ROOT_CLASS = YES_ERROR;
				CLANG_WARN_QUOTED_INCLUDE_IN_FRAMEWORK_HEADER = YES;
				CLANG_WARN_RANGE_LOOP_ANALYSIS = YES;
				CLANG_WARN_STRICT_PROTOTYPES = YES;
				CLANG_WARN_SUSPICIOUS_MOVE = YES;
				CLANG_WARN_UNGUARDED_AVAILABILITY = YES_AGGRESSIVE;
				CLANG_WARN_UNREACHABLE_CODE = YES;
				CLANG_WARN__DUPLICATE_METHOD_MATCH = YES;
				CODE_SIGN_IDENTITY = "iPhone Developer";
				COPY_PHASE_STRIP = NO;
				DEBUG_INFORMATION_FORMAT = dwarf;
				ENABLE_STRICT_OBJC_MSGSEND = YES;
				ENABLE_TESTABILITY = YES;
				GCC_C_LANGUAGE_STANDARD = gnu11;
				GCC_DYNAMIC_NO_PIC = NO;
				GCC_NO_COMMON_BLOCKS = YES;
				GCC_OPTIMIZATION_LEVEL = 0;
				GCC_PREPROCESSOR_DEFINITIONS = (
					"DEBUG=1",
					"$(inherited)",
				);
				GCC_WARN_64_TO_32_BIT_CONVERSION = YES;
				GCC_WARN_ABOUT_RETURN_TYPE = YES_ERROR;
				GCC_WARN_UNDECLARED_SELECTOR = YES;
				GCC_WARN_UNINITIALIZED_AUTOS = YES_AGGRESSIVE;
				GCC_WARN_UNUSED_FUNCTION = YES;
				GCC_WARN_UNUSED_VARIABLE = YES;
				IPHONEOS_DEPLOYMENT_TARGET = 12.1;
				MTL_ENABLE_DEBUG_INFO = YES;
				ONLY_ACTIVE_ARCH = YES;
				SDKROOT = iphoneos;
				SWIFT_ACTIVE_COMPILATION_CONDITIONS = DEBUG;
				SWIFT_OPTIMIZATION_LEVEL = "-Onone";
			};
			name = Debug;
		};
		EDE5DFBA2118187700F5DE2B /* Release */ = {
			isa = XCBuildConfiguration;
			buildSettings = {
				ALWAYS_SEARCH_USER_PATHS = NO;
				CLANG_ANALYZER_NONNULL = YES;
				CLANG_ANALYZER_NUMBER_OBJECT_CONVERSION = YES_AGGRESSIVE;
				CLANG_CXX_LANGUAGE_STANDARD = "gnu++14";
				CLANG_CXX_LIBRARY = "libc++";
				CLANG_ENABLE_MODULES = YES;
				CLANG_ENABLE_OBJC_ARC = YES;
				CLANG_ENABLE_OBJC_WEAK = YES;
				CLANG_WARN_BLOCK_CAPTURE_AUTORELEASING = YES;
				CLANG_WARN_BOOL_CONVERSION = YES;
				CLANG_WARN_COMMA = YES;
				CLANG_WARN_CONSTANT_CONVERSION = YES;
				CLANG_WARN_DEPRECATED_OBJC_IMPLEMENTATIONS = YES;
				CLANG_WARN_DIRECT_OBJC_ISA_USAGE = YES_ERROR;
				CLANG_WARN_DOCUMENTATION_COMMENTS = YES;
				CLANG_WARN_EMPTY_BODY = YES;
				CLANG_WARN_ENUM_CONVERSION = YES;
				CLANG_WARN_INFINITE_RECURSION = YES;
				CLANG_WARN_INT_CONVERSION = YES;
				CLANG_WARN_NON_LITERAL_NULL_CONVERSION = YES;
				CLANG_WARN_OBJC_IMPLICIT_RETAIN_SELF = YES;
				CLANG_WARN_OBJC_LITERAL_CONVERSION = YES;
				CLANG_WARN_OBJC_ROOT_CLASS = YES_ERROR;
				CLANG_WARN_QUOTED_INCLUDE_IN_FRAMEWORK_HEADER = YES;
				CLANG_WARN_RANGE_LOOP_ANALYSIS = YES;
				CLANG_WARN_STRICT_PROTOTYPES = YES;
				CLANG_WARN_SUSPICIOUS_MOVE = YES;
				CLANG_WARN_UNGUARDED_AVAILABILITY = YES_AGGRESSIVE;
				CLANG_WARN_UNREACHABLE_CODE = YES;
				CLANG_WARN__DUPLICATE_METHOD_MATCH = YES;
				CODE_SIGN_IDENTITY = "iPhone Developer";
				COPY_PHASE_STRIP = NO;
				DEBUG_INFORMATION_FORMAT = "dwarf-with-dsym";
				ENABLE_NS_ASSERTIONS = NO;
				ENABLE_STRICT_OBJC_MSGSEND = YES;
				GCC_C_LANGUAGE_STANDARD = gnu11;
				GCC_NO_COMMON_BLOCKS = YES;
				GCC_WARN_64_TO_32_BIT_CONVERSION = YES;
				GCC_WARN_ABOUT_RETURN_TYPE = YES_ERROR;
				GCC_WARN_UNDECLARED_SELECTOR = YES;
				GCC_WARN_UNINITIALIZED_AUTOS = YES_AGGRESSIVE;
				GCC_WARN_UNUSED_FUNCTION = YES;
				GCC_WARN_UNUSED_VARIABLE = YES;
				IPHONEOS_DEPLOYMENT_TARGET = 12.1;
				MTL_ENABLE_DEBUG_INFO = NO;
				SDKROOT = iphoneos;
				SWIFT_COMPILATION_MODE = wholemodule;
				SWIFT_OPTIMIZATION_LEVEL = "-O";
				VALIDATE_PRODUCT = YES;
			};
			name = Release;
		};
		EDE5DFBC2118187700F5DE2B /* Debug */ = {
			isa = XCBuildConfiguration;
			baseConfigurationReference = 5B2831B5B8D564911D666656 /* Pods-FluxPlusExample.debug.xcconfig */;
			buildSettings = {
				ASSETCATALOG_COMPILER_APPICON_NAME = AppIcon;
				CODE_SIGN_STYLE = Manual;
				DEVELOPMENT_TEAM = "";
				INFOPLIST_FILE = FluxPlusExample/Info.plist;
				IPHONEOS_DEPLOYMENT_TARGET = 12.0;
				LD_RUNPATH_SEARCH_PATHS = (
					"$(inherited)",
					"@executable_path/Frameworks",
				);
				PRODUCT_BUNDLE_IDENTIFIER = "jp.marty-suzuki.FluxPlusExample";
				PRODUCT_NAME = "$(TARGET_NAME)";
				PROVISIONING_PROFILE_SPECIFIER = "";
				SWIFT_VERSION = 5.0;
				TARGETED_DEVICE_FAMILY = "1,2";
			};
			name = Debug;
		};
		EDE5DFBD2118187700F5DE2B /* Release */ = {
			isa = XCBuildConfiguration;
			baseConfigurationReference = F7AAF16E57C3333EDDD19A51 /* Pods-FluxPlusExample.release.xcconfig */;
			buildSettings = {
				ASSETCATALOG_COMPILER_APPICON_NAME = AppIcon;
				CODE_SIGN_STYLE = Manual;
				DEVELOPMENT_TEAM = "";
				INFOPLIST_FILE = FluxPlusExample/Info.plist;
				IPHONEOS_DEPLOYMENT_TARGET = 12.0;
				LD_RUNPATH_SEARCH_PATHS = (
					"$(inherited)",
					"@executable_path/Frameworks",
				);
				PRODUCT_BUNDLE_IDENTIFIER = "jp.marty-suzuki.FluxPlusExample";
				PRODUCT_NAME = "$(TARGET_NAME)";
				PROVISIONING_PROFILE_SPECIFIER = "";
				SWIFT_VERSION = 5.0;
				TARGETED_DEVICE_FAMILY = "1,2";
			};
			name = Release;
		};
		EDE5DFBF2118187700F5DE2B /* Debug */ = {
			isa = XCBuildConfiguration;
			baseConfigurationReference = 650C1EA8E87E5DEE91810C37 /* Pods-FluxPlusExampleTests.debug.xcconfig */;
			buildSettings = {
				ALWAYS_EMBED_SWIFT_STANDARD_LIBRARIES = YES;
				BUNDLE_LOADER = "$(TEST_HOST)";
				CLANG_ENABLE_MODULES = YES;
				CODE_SIGN_STYLE = Manual;
				DEVELOPMENT_TEAM = "";
				INFOPLIST_FILE = FluxPlusExampleTests/Info.plist;
				LD_RUNPATH_SEARCH_PATHS = (
					"$(inherited)",
					"@executable_path/Frameworks",
					"@loader_path/Frameworks",
				);
				PRODUCT_BUNDLE_IDENTIFIER = "jp.marty-suzuki.FluxPlusExampleTests";
				PRODUCT_NAME = "$(TARGET_NAME)";
				PROVISIONING_PROFILE_SPECIFIER = "";
				SWIFT_OPTIMIZATION_LEVEL = "-Onone";
				SWIFT_VERSION = 5.0;
				TARGETED_DEVICE_FAMILY = "1,2";
				TEST_HOST = "$(BUILT_PRODUCTS_DIR)/FluxPlusExample.app/FluxPlusExample";
			};
			name = Debug;
		};
		EDE5DFC02118187700F5DE2B /* Release */ = {
			isa = XCBuildConfiguration;
			baseConfigurationReference = 19B94EC2871E48EBAE89F37D /* Pods-FluxPlusExampleTests.release.xcconfig */;
			buildSettings = {
				ALWAYS_EMBED_SWIFT_STANDARD_LIBRARIES = YES;
				BUNDLE_LOADER = "$(TEST_HOST)";
				CLANG_ENABLE_MODULES = YES;
				CODE_SIGN_STYLE = Manual;
				DEVELOPMENT_TEAM = "";
				INFOPLIST_FILE = FluxPlusExampleTests/Info.plist;
				LD_RUNPATH_SEARCH_PATHS = (
					"$(inherited)",
					"@executable_path/Frameworks",
					"@loader_path/Frameworks",
				);
				PRODUCT_BUNDLE_IDENTIFIER = "jp.marty-suzuki.FluxPlusExampleTests";
				PRODUCT_NAME = "$(TARGET_NAME)";
				PROVISIONING_PROFILE_SPECIFIER = "";
				SWIFT_VERSION = 5.0;
				TARGETED_DEVICE_FAMILY = "1,2";
				TEST_HOST = "$(BUILT_PRODUCTS_DIR)/FluxPlusExample.app/FluxPlusExample";
			};
			name = Release;
		};
/* End XCBuildConfiguration section */

/* Begin XCConfigurationList section */
		EDE5DF992118187500F5DE2B /* Build configuration list for PBXProject "FluxPlusExample" */ = {
			isa = XCConfigurationList;
			buildConfigurations = (
				EDE5DFB92118187700F5DE2B /* Debug */,
				EDE5DFBA2118187700F5DE2B /* Release */,
			);
			defaultConfigurationIsVisible = 0;
			defaultConfigurationName = Release;
		};
		EDE5DFBB2118187700F5DE2B /* Build configuration list for PBXNativeTarget "FluxPlusExample" */ = {
			isa = XCConfigurationList;
			buildConfigurations = (
				EDE5DFBC2118187700F5DE2B /* Debug */,
				EDE5DFBD2118187700F5DE2B /* Release */,
			);
			defaultConfigurationIsVisible = 0;
			defaultConfigurationName = Release;
		};
		EDE5DFBE2118187700F5DE2B /* Build configuration list for PBXNativeTarget "FluxPlusExampleTests" */ = {
			isa = XCConfigurationList;
			buildConfigurations = (
				EDE5DFBF2118187700F5DE2B /* Debug */,
				EDE5DFC02118187700F5DE2B /* Release */,
			);
			defaultConfigurationIsVisible = 0;
			defaultConfigurationName = Release;
		};
/* End XCConfigurationList section */
	};
	rootObject = EDE5DF962118187500F5DE2B /* Project object */;
}
