// !$*UTF8*$!
{
	archiveVersion = 1;
	classes = {
	};
	objectVersion = 50;
	objects = {

/* Begin PBXBuildFile section */
		711251DE21E0E66100CA4AA1 /* SearchUserPresenterTests.swift in Sources */ = {isa = PBXBuildFile; fileRef = 711251DD21E0E66100CA4AA1 /* SearchUserPresenterTests.swift */; };
		71E559BE21EA28B600525907 /* UserMock.swift in Sources */ = {isa = PBXBuildFile; fileRef = 71E559BD21EA28B600525907 /* UserMock.swift */; };
		B5C043DC215FDEEF00E6F51E /* Assets.xcassets in Resources */ = {isa = PBXBuildFile; fileRef = B5C043DB215FDEEF00E6F51E /* Assets.xcassets */; };
		B5C043DF215FDEEF00E6F51E /* LaunchScreen.storyboard in Resources */ = {isa = PBXBuildFile; fileRef = B5C043DD215FDEEF00E6F51E /* LaunchScreen.storyboard */; };
		B5C043EA215FDEEF00E6F51E /* MVPSampleTests.swift in Sources */ = {isa = PBXBuildFile; fileRef = B5C043E9215FDEEF00E6F51E /* MVPSampleTests.swift */; };
		B5C043FF215FE11000E6F51E /* GitHub.framework in Frameworks */ = {isa = PBXBuildFile; fileRef = B5C043F9215FE0C400E6F51E /* GitHub.framework */; };
		B5C04400215FE11000E6F51E /* GitHub.framework in Embed Frameworks */ = {isa = PBXBuildFile; fileRef = B5C043F9215FE0C400E6F51E /* GitHub.framework */; settings = {ATTRIBUTES = (CodeSignOnCopy, RemoveHeadersOnCopy, ); }; };
		B5C04432215FE5D900E6F51E /* UserDetailModel.swift in Sources */ = {isa = PBXBuildFile; fileRef = B5C0442D215FE5D900E6F51E /* UserDetailModel.swift */; };
		B5C04433215FE5D900E6F51E /* UserDetailViewController.swift in Sources */ = {isa = PBXBuildFile; fileRef = B5C0442E215FE5D900E6F51E /* UserDetailViewController.swift */; };
		B5C04434215FE5D900E6F51E /* UserDetailPresenter.swift in Sources */ = {isa = PBXBuildFile; fileRef = B5C0442F215FE5D900E6F51E /* UserDetailPresenter.swift */; };
		B5C04436215FE5D900E6F51E /* UserDetail.storyboard in Resources */ = {isa = PBXBuildFile; fileRef = B5C04431215FE5D900E6F51E /* UserDetail.storyboard */; };
		B5C0443B215FE5E900E6F51E /* SearchUserModel.swift in Sources */ = {isa = PBXBuildFile; fileRef = B5C04437215FE5E900E6F51E /* SearchUserModel.swift */; };
		B5C0443C215FE5E900E6F51E /* SearchUserPresenter.swift in Sources */ = {isa = PBXBuildFile; fileRef = B5C04438215FE5E900E6F51E /* SearchUserPresenter.swift */; };
		B5C0443D215FE5E900E6F51E /* SearchUser.storyboard in Resources */ = {isa = PBXBuildFile; fileRef = B5C04439215FE5E900E6F51E /* SearchUser.storyboard */; };
		B5C0443E215FE5E900E6F51E /* SearchUserViewController.swift in Sources */ = {isa = PBXBuildFile; fileRef = B5C0443A215FE5E900E6F51E /* SearchUserViewController.swift */; };
		B5C0444A215FE64C00E6F51E /* AppDelegate.swift in Sources */ = {isa = PBXBuildFile; fileRef = B5C04449215FE64C00E6F51E /* AppDelegate.swift */; };
		B5C0444F215FE9B400E6F51E /* RepositoryCell.xib in Resources */ = {isa = PBXBuildFile; fileRef = B5C0444B215FE9B400E6F51E /* RepositoryCell.xib */; };
		B5C04450215FE9B400E6F51E /* UserCell.swift in Sources */ = {isa = PBXBuildFile; fileRef = B5C0444C215FE9B400E6F51E /* UserCell.swift */; };
		B5C04451215FE9B400E6F51E /* RepositoryCell.swift in Sources */ = {isa = PBXBuildFile; fileRef = B5C0444D215FE9B400E6F51E /* RepositoryCell.swift */; };
		B5C04452215FE9B400E6F51E /* UserCell.xib in Resources */ = {isa = PBXBuildFile; fileRef = B5C0444E215FE9B400E6F51E /* UserCell.xib */; };
/* End PBXBuildFile section */

/* Begin PBXContainerItemProxy section */
		B5C043E6215FDEEF00E6F51E /* PBXContainerItemProxy */ = {
			isa = PBXContainerItemProxy;
			containerPortal = B5C043C9215FDEEE00E6F51E /* Project object */;
			proxyType = 1;
			remoteGlobalIDString = B5C043D0215FDEEE00E6F51E;
			remoteInfo = MVPSample;
		};
/* End PBXContainerItemProxy section */

/* Begin PBXCopyFilesBuildPhase section */
		B5C043FE215FE10200E6F51E /* Embed Frameworks */ = {
			isa = PBXCopyFilesBuildPhase;
			buildActionMask = 2147483647;
			dstPath = "";
			dstSubfolderSpec = 10;
			files = (
				B5C04400215FE11000E6F51E /* GitHub.framework in Embed Frameworks */,
			);
			name = "Embed Frameworks";
			runOnlyForDeploymentPostprocessing = 0;
		};
/* End PBXCopyFilesBuildPhase section */

/* Begin PBXFileReference section */
		711251DD21E0E66100CA4AA1 /* SearchUserPresenterTests.swift */ = {isa = PBXFileReference; lastKnownFileType = sourcecode.swift; path = SearchUserPresenterTests.swift; sourceTree = "<group>"; };
		71E559BD21EA28B600525907 /* UserMock.swift */ = {isa = PBXFileReference; lastKnownFileType = sourcecode.swift; path = UserMock.swift; sourceTree = "<group>"; };
		B5C043D1215FDEEE00E6F51E /* MVPSample.app */ = {isa = PBXFileReference; explicitFileType = wrapper.application; includeInIndex = 0; path = MVPSample.app; sourceTree = BUILT_PRODUCTS_DIR; };
		B5C043DB215FDEEF00E6F51E /* Assets.xcassets */ = {isa = PBXFileReference; lastKnownFileType = folder.assetcatalog; path = Assets.xcassets; sourceTree = "<group>"; };
		B5C043DE215FDEEF00E6F51E /* Base */ = {isa = PBXFileReference; lastKnownFileType = file.storyboard; name = Base; path = Base.lproj/LaunchScreen.storyboard; sourceTree = "<group>"; };
		B5C043E0215FDEEF00E6F51E /* Info.plist */ = {isa = PBXFileReference; lastKnownFileType = text.plist.xml; path = Info.plist; sourceTree = "<group>"; };
		B5C043E5215FDEEF00E6F51E /* MVPSampleTests.xctest */ = {isa = PBXFileReference; explicitFileType = wrapper.cfbundle; includeInIndex = 0; path = MVPSampleTests.xctest; sourceTree = BUILT_PRODUCTS_DIR; };
		B5C043E9215FDEEF00E6F51E /* MVPSampleTests.swift */ = {isa = PBXFileReference; lastKnownFileType = sourcecode.swift; path = MVPSampleTests.swift; sourceTree = "<group>"; };
		B5C043EB215FDEEF00E6F51E /* Info.plist */ = {isa = PBXFileReference; lastKnownFileType = text.plist.xml; path = Info.plist; sourceTree = "<group>"; };
		B5C043F9215FE0C400E6F51E /* GitHub.framework */ = {isa = PBXFileReference; explicitFileType = wrapper.framework; path = GitHub.framework; sourceTree = BUILT_PRODUCTS_DIR; };
		B5C0442D215FE5D900E6F51E /* UserDetailModel.swift */ = {isa = PBXFileReference; fileEncoding = 4; lastKnownFileType = sourcecode.swift; path = UserDetailModel.swift; sourceTree = "<group>"; };
		B5C0442E215FE5D900E6F51E /* UserDetailViewController.swift */ = {isa = PBXFileReference; fileEncoding = 4; lastKnownFileType = sourcecode.swift; path = UserDetailViewController.swift; sourceTree = "<group>"; };
		B5C0442F215FE5D900E6F51E /* UserDetailPresenter.swift */ = {isa = PBXFileReference; fileEncoding = 4; lastKnownFileType = sourcecode.swift; path = UserDetailPresenter.swift; sourceTree = "<group>"; };
		B5C04431215FE5D900E6F51E /* UserDetail.storyboard */ = {isa = PBXFileReference; fileEncoding = 4; lastKnownFileType = file.storyboard; path = UserDetail.storyboard; sourceTree = "<group>"; };
		B5C04437215FE5E900E6F51E /* SearchUserModel.swift */ = {isa = PBXFileReference; fileEncoding = 4; lastKnownFileType = sourcecode.swift; path = SearchUserModel.swift; sourceTree = "<group>"; };
		B5C04438215FE5E900E6F51E /* SearchUserPresenter.swift */ = {isa = PBXFileReference; fileEncoding = 4; lastKnownFileType = sourcecode.swift; path = SearchUserPresenter.swift; sourceTree = "<group>"; };
		B5C04439215FE5E900E6F51E /* SearchUser.storyboard */ = {isa = PBXFileReference; fileEncoding = 4; lastKnownFileType = file.storyboard; path = SearchUser.storyboard; sourceTree = "<group>"; };
		B5C0443A215FE5E900E6F51E /* SearchUserViewController.swift */ = {isa = PBXFileReference; fileEncoding = 4; lastKnownFileType = sourcecode.swift; path = SearchUserViewController.swift; sourceTree = "<group>"; };
		B5C04449215FE64C00E6F51E /* AppDelegate.swift */ = {isa = PBXFileReference; fileEncoding = 4; lastKnownFileType = sourcecode.swift; path = AppDelegate.swift; sourceTree = "<group>"; };
		B5C0444B215FE9B400E6F51E /* RepositoryCell.xib */ = {isa = PBXFileReference; fileEncoding = 4; lastKnownFileType = file.xib; path = RepositoryCell.xib; sourceTree = "<group>"; };
		B5C0444C215FE9B400E6F51E /* UserCell.swift */ = {isa = PBXFileReference; fileEncoding = 4; lastKnownFileType = sourcecode.swift; path = UserCell.swift; sourceTree = "<group>"; };
		B5C0444D215FE9B400E6F51E /* RepositoryCell.swift */ = {isa = PBXFileReference; fileEncoding = 4; lastKnownFileType = sourcecode.swift; path = RepositoryCell.swift; sourceTree = "<group>"; };
		B5C0444E215FE9B400E6F51E /* UserCell.xib */ = {isa = PBXFileReference; fileEncoding = 4; lastKnownFileType = file.xib; path = UserCell.xib; sourceTree = "<group>"; };
/* End PBXFileReference section */

/* Begin PBXFrameworksBuildPhase section */
		B5C043CE215FDEEE00E6F51E /* Frameworks */ = {
			isa = PBXFrameworksBuildPhase;
			buildActionMask = 2147483647;
			files = (
				B5C043FF215FE11000E6F51E /* GitHub.framework in Frameworks */,
			);
			runOnlyForDeploymentPostprocessing = 0;
		};
		B5C043E2215FDEEF00E6F51E /* Frameworks */ = {
			isa = PBXFrameworksBuildPhase;
			buildActionMask = 2147483647;
			files = (
			);
			runOnlyForDeploymentPostprocessing = 0;
		};
/* End PBXFrameworksBuildPhase section */

/* Begin PBXGroup section */
		B5C043C8215FDEEE00E6F51E = {
			isa = PBXGroup;
			children = (
				B5C043D3215FDEEE00E6F51E /* MVPSample */,
				B5C043E8215FDEEF00E6F51E /* MVPSampleTests */,
				B5C043D2215FDEEE00E6F51E /* Products */,
				B5C043F8215FE0C400E6F51E /* Frameworks */,
			);
			sourceTree = "<group>";
		};
		B5C043D2215FDEEE00E6F51E /* Products */ = {
			isa = PBXGroup;
			children = (
				B5C043D1215FDEEE00E6F51E /* MVPSample.app */,
				B5C043E5215FDEEF00E6F51E /* MVPSampleTests.xctest */,
			);
			name = Products;
			sourceTree = "<group>";
		};
		B5C043D3215FDEEE00E6F51E /* MVPSample */ = {
			isa = PBXGroup;
			children = (
				B5C0444D215FE9B400E6F51E /* RepositoryCell.swift */,
				B5C0444B215FE9B400E6F51E /* RepositoryCell.xib */,
				B5C0444C215FE9B400E6F51E /* UserCell.swift */,
				B5C0444E215FE9B400E6F51E /* UserCell.xib */,
				B5C04449215FE64C00E6F51E /* AppDelegate.swift */,
				B5C0442A215FE30B00E6F51E /* UserDetail */,
				B5C04429215FE2FC00E6F51E /* SearchUser */,
				B5C043DB215FDEEF00E6F51E /* Assets.xcassets */,
				B5C043DD215FDEEF00E6F51E /* LaunchScreen.storyboard */,
				B5C043E0215FDEEF00E6F51E /* Info.plist */,
			);
			path = MVPSample;
			sourceTree = "<group>";
		};
		B5C043E8215FDEEF00E6F51E /* MVPSampleTests */ = {
			isa = PBXGroup;
			children = (
				B5C043E9215FDEEF00E6F51E /* MVPSampleTests.swift */,
				711251DD21E0E66100CA4AA1 /* SearchUserPresenterTests.swift */,
				B5C043EB215FDEEF00E6F51E /* Info.plist */,
				71E559BD21EA28B600525907 /* UserMock.swift */,
			);
			path = MVPSampleTests;
			sourceTree = "<group>";
		};
		B5C043F8215FE0C400E6F51E /* Frameworks */ = {
			isa = PBXGroup;
			children = (
				B5C043F9215FE0C400E6F51E /* GitHub.framework */,
			);
			name = Frameworks;
			sourceTree = "<group>";
		};
		B5C04429215FE2FC00E6F51E /* SearchUser */ = {
			isa = PBXGroup;
			children = (
				B5C04439215FE5E900E6F51E /* SearchUser.storyboard */,
				B5C04437215FE5E900E6F51E /* SearchUserModel.swift */,
				B5C04438215FE5E900E6F51E /* SearchUserPresenter.swift */,
				B5C0443A215FE5E900E6F51E /* SearchUserViewController.swift */,
			);
			path = SearchUser;
			sourceTree = "<group>";
		};
		B5C0442A215FE30B00E6F51E /* UserDetail */ = {
			isa = PBXGroup;
			children = (
				B5C04431215FE5D900E6F51E /* UserDetail.storyboard */,
				B5C0442D215FE5D900E6F51E /* UserDetailModel.swift */,
				B5C0442F215FE5D900E6F51E /* UserDetailPresenter.swift */,
				B5C0442E215FE5D900E6F51E /* UserDetailViewController.swift */,
			);
			path = UserDetail;
			sourceTree = "<group>";
		};
/* End PBXGroup section */

/* Begin PBXNativeTarget section */
		B5C043D0215FDEEE00E6F51E /* MVPSample */ = {
			isa = PBXNativeTarget;
			buildConfigurationList = B5C043EE215FDEEF00E6F51E /* Build configuration list for PBXNativeTarget "MVPSample" */;
			buildPhases = (
				B5C043CD215FDEEE00E6F51E /* Sources */,
				B5C043CE215FDEEE00E6F51E /* Frameworks */,
				B5C043CF215FDEEE00E6F51E /* Resources */,
				B5C043FE215FE10200E6F51E /* Embed Frameworks */,
			);
			buildRules = (
			);
			dependencies = (
			);
			name = MVPSample;
			productName = MVPSample;
			productReference = B5C043D1215FDEEE00E6F51E /* MVPSample.app */;
			productType = "com.apple.product-type.application";
		};
		B5C043E4215FDEEF00E6F51E /* MVPSampleTests */ = {
			isa = PBXNativeTarget;
			buildConfigurationList = B5C043F1215FDEEF00E6F51E /* Build configuration list for PBXNativeTarget "MVPSampleTests" */;
			buildPhases = (
				B5C043E1215FDEEF00E6F51E /* Sources */,
				B5C043E2215FDEEF00E6F51E /* Frameworks */,
				B5C043E3215FDEEF00E6F51E /* Resources */,
			);
			buildRules = (
			);
			dependencies = (
				B5C043E7215FDEEF00E6F51E /* PBXTargetDependency */,
			);
			name = MVPSampleTests;
			productName = MVPSampleTests;
			productReference = B5C043E5215FDEEF00E6F51E /* MVPSampleTests.xctest */;
			productType = "com.apple.product-type.bundle.unit-test";
		};
/* End PBXNativeTarget section */

/* Begin PBXProject section */
		B5C043C9215FDEEE00E6F51E /* Project object */ = {
			isa = PBXProject;
			attributes = {
				LastSwiftUpdateCheck = 1000;
				LastUpgradeCheck = 1000;
				ORGANIZATIONNAME = "Kenji Tanaka";
				TargetAttributes = {
					B5C043D0215FDEEE00E6F51E = {
						CreatedOnToolsVersion = 10.0;
						LastSwiftMigration = 1240;
					};
					B5C043E4215FDEEF00E6F51E = {
						CreatedOnToolsVersion = 10.0;
						LastSwiftMigration = 1240;
						TestTargetID = B5C043D0215FDEEE00E6F51E;
					};
				};
			};
			buildConfigurationList = B5C043CC215FDEEE00E6F51E /* Build configuration list for PBXProject "MVPSample" */;
			compatibilityVersion = "Xcode 9.3";
			developmentRegion = en;
			hasScannedForEncodings = 0;
			knownRegions = (
				en,
				Base,
			);
			mainGroup = B5C043C8215FDEEE00E6F51E;
			productRefGroup = B5C043D2215FDEEE00E6F51E /* Products */;
			projectDirPath = "";
			projectRoot = "";
			targets = (
				B5C043D0215FDEEE00E6F51E /* MVPSample */,
				B5C043E4215FDEEF00E6F51E /* MVPSampleTests */,
			);
		};
/* End PBXProject section */

/* Begin PBXResourcesBuildPhase section */
		B5C043CF215FDEEE00E6F51E /* Resources */ = {
			isa = PBXResourcesBuildPhase;
			buildActionMask = 2147483647;
			files = (
				B5C04436215FE5D900E6F51E /* UserDetail.storyboard in Resources */,
				B5C043DF215FDEEF00E6F51E /* LaunchScreen.storyboard in Resources */,
				B5C0444F215FE9B400E6F51E /* RepositoryCell.xib in Resources */,
				B5C0443D215FE5E900E6F51E /* SearchUser.storyboard in Resources */,
				B5C043DC215FDEEF00E6F51E /* Assets.xcassets in Resources */,
				B5C04452215FE9B400E6F51E /* UserCell.xib in Resources */,
			);
			runOnlyForDeploymentPostprocessing = 0;
		};
		B5C043E3215FDEEF00E6F51E /* Resources */ = {
			isa = PBXResourcesBuildPhase;
			buildActionMask = 2147483647;
			files = (
			);
			runOnlyForDeploymentPostprocessing = 0;
		};
/* End PBXResourcesBuildPhase section */

/* Begin PBXSourcesBuildPhase section */
		B5C043CD215FDEEE00E6F51E /* Sources */ = {
			isa = PBXSourcesBuildPhase;
			buildActionMask = 2147483647;
			files = (
				B5C04432215FE5D900E6F51E /* UserDetailModel.swift in Sources */,
				B5C04433215FE5D900E6F51E /* UserDetailViewController.swift in Sources */,
				B5C04434215FE5D900E6F51E /* UserDetailPresenter.swift in Sources */,
				B5C0444A215FE64C00E6F51E /* AppDelegate.swift in Sources */,
				B5C0443E215FE5E900E6F51E /* SearchUserViewController.swift in Sources */,
				B5C0443B215FE5E900E6F51E /* SearchUserModel.swift in Sources */,
				B5C04451215FE9B400E6F51E /* RepositoryCell.swift in Sources */,
				B5C04450215FE9B400E6F51E /* UserCell.swift in Sources */,
				B5C0443C215FE5E900E6F51E /* SearchUserPresenter.swift in Sources */,
			);
			runOnlyForDeploymentPostprocessing = 0;
		};
		B5C043E1215FDEEF00E6F51E /* Sources */ = {
			isa = PBXSourcesBuildPhase;
			buildActionMask = 2147483647;
			files = (
				71E559BE21EA28B600525907 /* UserMock.swift in Sources */,
				B5C043EA215FDEEF00E6F51E /* MVPSampleTests.swift in Sources */,
				711251DE21E0E66100CA4AA1 /* SearchUserPresenterTests.swift in Sources */,
			);
			runOnlyForDeploymentPostprocessing = 0;
		};
/* End PBXSourcesBuildPhase section */

/* Begin PBXTargetDependency section */
		B5C043E7215FDEEF00E6F51E /* PBXTargetDependency */ = {
			isa = PBXTargetDependency;
			target = B5C043D0215FDEEE00E6F51E /* MVPSample */;
			targetProxy = B5C043E6215FDEEF00E6F51E /* PBXContainerItemProxy */;
		};
/* End PBXTargetDependency section */

/* Begin PBXVariantGroup section */
		B5C043DD215FDEEF00E6F51E /* LaunchScreen.storyboard */ = {
			isa = PBXVariantGroup;
			children = (
				B5C043DE215FDEEF00E6F51E /* Base */,
			);
			name = LaunchScreen.storyboard;
			sourceTree = "<group>";
		};
/* End PBXVariantGroup section */

/* Begin XCBuildConfiguration section */
		B5C043EC215FDEEF00E6F51E /* Debug */ = {
			isa = XCBuildConfiguration;
			buildSettings = {
				ALWAYS_SEARCH_USER_PATHS = NO;
				CLANG_ANALYZER_NONNULL = YES;
				CLANG_ANALYZER_NUMBER_OBJECT_CONVERSION = YES_AGGRESSIVE;
				CLANG_CXX_LANGUAGE_STANDARD = "gnu++14";
				CLANG_CXX_LIBRARY = "libc++";
				CLANG_ENABLE_MODULES = YES;
				CLANG_ENABLE_OBJC_ARC = YES;
				CLANG_ENABLE_OBJC_WEAK = YES;
				CLANG_WARN_BLOCK_CAPTURE_AUTORELEASING = YES;
				CLANG_WARN_BOOL_CONVERSION = YES;
				CLANG_WARN_COMMA = YES;
				CLANG_WARN_CONSTANT_CONVERSION = YES;
				CLANG_WARN_DEPRECATED_OBJC_IMPLEMENTATIONS = YES;
				CLANG_WARN_DIRECT_OBJC_ISA_USAGE = YES_ERROR;
				CLANG_WARN_DOCUMENTATION_COMMENTS = YES;
				CLANG_WARN_EMPTY_BODY = YES;
				CLANG_WARN_ENUM_CONVERSION = YES;
				CLANG_WARN_INFINITE_RECURSION = YES;
				CLANG_WARN_INT_CONVERSION = YES;
				CLANG_WARN_NON_LITERAL_NULL_CONVERSION = YES;
				CLANG_WARN_OBJC_IMPLICIT_RETAIN_SELF = YES;
				CLANG_WARN_OBJC_LITERAL_CONVERSION = YES;
				CLANG_WARN_OBJC_ROOT_CLASS = YES_ERROR;
				CLANG_WARN_RANGE_LOOP_ANALYSIS = YES;
				CLANG_WARN_STRICT_PROTOTYPES = YES;
				CLANG_WARN_SUSPICIOUS_MOVE = YES;
				CLANG_WARN_UNGUARDED_AVAILABILITY = YES_AGGRESSIVE;
				CLANG_WARN_UNREACHABLE_CODE = YES;
				CLANG_WARN__DUPLICATE_METHOD_MATCH = YES;
				CODE_SIGN_IDENTITY = "iPhone Developer";
				COPY_PHASE_STRIP = NO;
				DEBUG_INFORMATION_FORMAT = dwarf;
				ENABLE_STRICT_OBJC_MSGSEND = YES;
				ENABLE_TESTABILITY = YES;
				GCC_C_LANGUAGE_STANDARD = gnu11;
				GCC_DYNAMIC_NO_PIC = NO;
				GCC_NO_COMMON_BLOCKS = YES;
				GCC_OPTIMIZATION_LEVEL = 0;
				GCC_PREPROCESSOR_DEFINITIONS = (
					"DEBUG=1",
					"$(inherited)",
				);
				GCC_WARN_64_TO_32_BIT_CONVERSION = YES;
				GCC_WARN_ABOUT_RETURN_TYPE = YES_ERROR;
				GCC_WARN_UNDECLARED_SELECTOR = YES;
				GCC_WARN_UNINITIALIZED_AUTOS = YES_AGGRESSIVE;
				GCC_WARN_UNUSED_FUNCTION = YES;
				GCC_WARN_UNUSED_VARIABLE = YES;
				IPHONEOS_DEPLOYMENT_TARGET = 12.0;
				MTL_ENABLE_DEBUG_INFO = INCLUDE_SOURCE;
				MTL_FAST_MATH = YES;
				ONLY_ACTIVE_ARCH = YES;
				SDKROOT = iphoneos;
				SWIFT_ACTIVE_COMPILATION_CONDITIONS = DEBUG;
				SWIFT_OPTIMIZATION_LEVEL = "-Onone";
			};
			name = Debug;
		};
		B5C043ED215FDEEF00E6F51E /* Release */ = {
			isa = XCBuildConfiguration;
			buildSettings = {
				ALWAYS_SEARCH_USER_PATHS = NO;
				CLANG_ANALYZER_NONNULL = YES;
				CLANG_ANALYZER_NUMBER_OBJECT_CONVERSION = YES_AGGRESSIVE;
				CLANG_CXX_LANGUAGE_STANDARD = "gnu++14";
				CLANG_CXX_LIBRARY = "libc++";
				CLANG_ENABLE_MODULES = YES;
				CLANG_ENABLE_OBJC_ARC = YES;
				CLANG_ENABLE_OBJC_WEAK = YES;
				CLANG_WARN_BLOCK_CAPTURE_AUTORELEASING = YES;
				CLANG_WARN_BOOL_CONVERSION = YES;
				CLANG_WARN_COMMA = YES;
				CLANG_WARN_CONSTANT_CONVERSION = YES;
				CLANG_WARN_DEPRECATED_OBJC_IMPLEMENTATIONS = YES;
				CLANG_WARN_DIRECT_OBJC_ISA_USAGE = YES_ERROR;
				CLANG_WARN_DOCUMENTATION_COMMENTS = YES;
				CLANG_WARN_EMPTY_BODY = YES;
				CLANG_WARN_ENUM_CONVERSION = YES;
				CLANG_WARN_INFINITE_RECURSION = YES;
				CLANG_WARN_INT_CONVERSION = YES;
				CLANG_WARN_NON_LITERAL_NULL_CONVERSION = YES;
				CLANG_WARN_OBJC_IMPLICIT_RETAIN_SELF = YES;
				CLANG_WARN_OBJC_LITERAL_CONVERSION = YES;
				CLANG_WARN_OBJC_ROOT_CLASS = YES_ERROR;
				CLANG_WARN_RANGE_LOOP_ANALYSIS = YES;
				CLANG_WARN_STRICT_PROTOTYPES = YES;
				CLANG_WARN_SUSPICIOUS_MOVE = YES;
				CLANG_WARN_UNGUARDED_AVAILABILITY = YES_AGGRESSIVE;
				CLANG_WARN_UNREACHABLE_CODE = YES;
				CLANG_WARN__DUPLICATE_METHOD_MATCH = YES;
				CODE_SIGN_IDENTITY = "iPhone Developer";
				COPY_PHASE_STRIP = NO;
				DEBUG_INFORMATION_FORMAT = "dwarf-with-dsym";
				ENABLE_NS_ASSERTIONS = NO;
				ENABLE_STRICT_OBJC_MSGSEND = YES;
				GCC_C_LANGUAGE_STANDARD = gnu11;
				GCC_NO_COMMON_BLOCKS = YES;
				GCC_WARN_64_TO_32_BIT_CONVERSION = YES;
				GCC_WARN_ABOUT_RETURN_TYPE = YES_ERROR;
				GCC_WARN_UNDECLARED_SELECTOR = YES;
				GCC_WARN_UNINITIALIZED_AUTOS = YES_AGGRESSIVE;
				GCC_WARN_UNUSED_FUNCTION = YES;
				GCC_WARN_UNUSED_VARIABLE = YES;
				IPHONEOS_DEPLOYMENT_TARGET = 12.0;
				MTL_ENABLE_DEBUG_INFO = NO;
				MTL_FAST_MATH = YES;
				SDKROOT = iphoneos;
				SWIFT_COMPILATION_MODE = wholemodule;
				SWIFT_OPTIMIZATION_LEVEL = "-O";
				VALIDATE_PRODUCT = YES;
			};
			name = Release;
		};
		B5C043EF215FDEEF00E6F51E /* Debug */ = {
			isa = XCBuildConfiguration;
			buildSettings = {
				ASSETCATALOG_COMPILER_APPICON_NAME = AppIcon;
				CODE_SIGN_STYLE = Automatic;
				INFOPLIST_FILE = MVPSample/Info.plist;
				LD_RUNPATH_SEARCH_PATHS = (
					"$(inherited)",
					"@executable_path/Frameworks",
				);
				PRODUCT_BUNDLE_IDENTIFIER = com.peaks.ktanaka117.MVPSample;
				PRODUCT_NAME = "$(TARGET_NAME)";
				SWIFT_VERSION = 5.0;
				TARGETED_DEVICE_FAMILY = "1,2";
			};
			name = Debug;
		};
		B5C043F0215FDEEF00E6F51E /* Release */ = {
			isa = XCBuildConfiguration;
			buildSettings = {
				ASSETCATALOG_COMPILER_APPICON_NAME = AppIcon;
				CODE_SIGN_STYLE = Automatic;
				INFOPLIST_FILE = MVPSample/Info.plist;
				LD_RUNPATH_SEARCH_PATHS = (
					"$(inherited)",
					"@executable_path/Frameworks",
				);
				PRODUCT_BUNDLE_IDENTIFIER = com.peaks.ktanaka117.MVPSample;
				PRODUCT_NAME = "$(TARGET_NAME)";
				SWIFT_VERSION = 5.0;
				TARGETED_DEVICE_FAMILY = "1,2";
			};
			name = Release;
		};
		B5C043F2215FDEEF00E6F51E /* Debug */ = {
			isa = XCBuildConfiguration;
			buildSettings = {
				ALWAYS_EMBED_SWIFT_STANDARD_LIBRARIES = YES;
				BUNDLE_LOADER = "$(TEST_HOST)";
				CODE_SIGN_STYLE = Automatic;
				INFOPLIST_FILE = MVPSampleTests/Info.plist;
				LD_RUNPATH_SEARCH_PATHS = (
					"$(inherited)",
					"@executable_path/Frameworks",
					"@loader_path/Frameworks",
				);
				PRODUCT_BUNDLE_IDENTIFIER = com.peaks.ktanaka117.MVPSampleTests;
				PRODUCT_NAME = "$(TARGET_NAME)";
				SWIFT_VERSION = 5.0;
				TARGETED_DEVICE_FAMILY = "1,2";
				TEST_HOST = "$(BUILT_PRODUCTS_DIR)/MVPSample.app/MVPSample";
			};
			name = Debug;
		};
		B5C043F3215FDEEF00E6F51E /* Release */ = {
			isa = XCBuildConfiguration;
			buildSettings = {
				ALWAYS_EMBED_SWIFT_STANDARD_LIBRARIES = YES;
				BUNDLE_LOADER = "$(TEST_HOST)";
				CODE_SIGN_STYLE = Automatic;
				INFOPLIST_FILE = MVPSampleTests/Info.plist;
				LD_RUNPATH_SEARCH_PATHS = (
					"$(inherited)",
					"@executable_path/Frameworks",
					"@loader_path/Frameworks",
				);
				PRODUCT_BUNDLE_IDENTIFIER = com.peaks.ktanaka117.MVPSampleTests;
				PRODUCT_NAME = "$(TARGET_NAME)";
				SWIFT_VERSION = 5.0;
				TARGETED_DEVICE_FAMILY = "1,2";
				TEST_HOST = "$(BUILT_PRODUCTS_DIR)/MVPSample.app/MVPSample";
			};
			name = Release;
		};
/* End XCBuildConfiguration section */

/* Begin XCConfigurationList section */
		B5C043CC215FDEEE00E6F51E /* Build configuration list for PBXProject "MVPSample" */ = {
			isa = XCConfigurationList;
			buildConfigurations = (
				B5C043EC215FDEEF00E6F51E /* Debug */,
				B5C043ED215FDEEF00E6F51E /* Release */,
			);
			defaultConfigurationIsVisible = 0;
			defaultConfigurationName = Release;
		};
		B5C043EE215FDEEF00E6F51E /* Build configuration list for PBXNativeTarget "MVPSample" */ = {
			isa = XCConfigurationList;
			buildConfigurations = (
				B5C043EF215FDEEF00E6F51E /* Debug */,
				B5C043F0215FDEEF00E6F51E /* Release */,
			);
			defaultConfigurationIsVisible = 0;
			defaultConfigurationName = Release;
		};
		B5C043F1215FDEEF00E6F51E /* Build configuration list for PBXNativeTarget "MVPSampleTests" */ = {
			isa = XCConfigurationList;
			buildConfigurations = (
				B5C043F2215FDEEF00E6F51E /* Debug */,
				B5C043F3215FDEEF00E6F51E /* Release */,
			);
			defaultConfigurationIsVisible = 0;
			defaultConfigurationName = Release;
		};
/* End XCConfigurationList section */
	};
	rootObject = B5C043C9215FDEEE00E6F51E /* Project object */;
}
