// !$*UTF8*$!
{
	archiveVersion = 1;
	classes = {
	};
	objectVersion = 50;
	objects = {

/* Begin PBXBuildFile section */
		37CFA8312158E43900CFF87D /* GitHub.framework in Frameworks */ = {isa = PBXBuildFile; fileRef = 37CFA82F2158E43500CFF87D /* GitHub.framework */; };
		37CFA8322158E43900CFF87D /* GitHub.framework in Embed Frameworks */ = {isa = PBXBuildFile; fileRef = 37CFA82F2158E43500CFF87D /* GitHub.framework */; settings = {ATTRIBUTES = (CodeSignOnCopy, RemoveHeadersOnCopy, ); }; };
		B504EE59215A850A004235D9 /* UserDetail.storyboard in Resources */ = {isa = PBXBuildFile; fileRef = B504EE58215A850A004235D9 /* UserDetail.storyboard */; };
		B504EE5B215A8AED004235D9 /* RepositoryCell.xib in Resources */ = {isa = PBXBuildFile; fileRef = B504EE5A215A8AED004235D9 /* RepositoryCell.xib */; };
		B504EE5D215A8D0A004235D9 /* RepositoryCell.swift in Sources */ = {isa = PBXBuildFile; fileRef = B504EE5C215A8D0A004235D9 /* RepositoryCell.swift */; };
		B5A089B52157F6D1007D640A /* SearchUserPresenter.swift in Sources */ = {isa = PBXBuildFile; fileRef = B5A089B42157F6D1007D640A /* SearchUserPresenter.swift */; };
		B5C4CB122157D82500715630 /* UserCell.swift in Sources */ = {isa = PBXBuildFile; fileRef = B5C4CB112157D82500715630 /* UserCell.swift */; };
		B5C4CB142157D91C00715630 /* UserCell.xib in Resources */ = {isa = PBXBuildFile; fileRef = B5C4CB132157D91C00715630 /* UserCell.xib */; };
		B5C8817A21577A4300185577 /* AppDelegate.swift in Sources */ = {isa = PBXBuildFile; fileRef = B5C8817921577A4300185577 /* AppDelegate.swift */; };
		B5C8818121577A4500185577 /* Assets.xcassets in Resources */ = {isa = PBXBuildFile; fileRef = B5C8818021577A4500185577 /* Assets.xcassets */; };
		B5C8818421577A4500185577 /* LaunchScreen.storyboard in Resources */ = {isa = PBXBuildFile; fileRef = B5C8818221577A4500185577 /* LaunchScreen.storyboard */; };
		B5C8819D2157819100185577 /* SearchUser.storyboard in Resources */ = {isa = PBXBuildFile; fileRef = B5C8819C2157819100185577 /* SearchUser.storyboard */; };
		B5C8819F2157819E00185577 /* SearchUserViewController.swift in Sources */ = {isa = PBXBuildFile; fileRef = B5C8819E2157819E00185577 /* SearchUserViewController.swift */; };
		D31F7045BA0581082469F0A0 /* UserDetailPresenter.swift in Sources */ = {isa = PBXBuildFile; fileRef = D31F77ED50D870127CF74E0F /* UserDetailPresenter.swift */; };
		D31F70875C9393FA88CE35BD /* SearchUserRouter.swift in Sources */ = {isa = PBXBuildFile; fileRef = D31F768171E4D00006B56C06 /* SearchUserRouter.swift */; };
		D31F70FF4D66775ED911AB00 /* UserDetailModel.swift in Sources */ = {isa = PBXBuildFile; fileRef = D31F74CF9A448BA618FF686C /* UserDetailModel.swift */; };
		D31F74422F418B4713549AC1 /* SearchUserModel.swift in Sources */ = {isa = PBXBuildFile; fileRef = D31F75B40F997A98D2EB692F /* SearchUserModel.swift */; };
		D31F7532B892DCE9B6B6FDDB /* Transitioner.swift in Sources */ = {isa = PBXBuildFile; fileRef = D31F7BF85032AB72F2BE5ECE /* Transitioner.swift */; };
		D31F7F66DE59596349E3765E /* UserDetailViewController.swift in Sources */ = {isa = PBXBuildFile; fileRef = D31F7BDDD6F7050BBA43895E /* UserDetailViewController.swift */; };
/* End PBXBuildFile section */

/* Begin PBXCopyFilesBuildPhase section */
		37CFA8332158E43900CFF87D /* Embed Frameworks */ = {
			isa = PBXCopyFilesBuildPhase;
			buildActionMask = 2147483647;
			dstPath = "";
			dstSubfolderSpec = 10;
			files = (
				37CFA8322158E43900CFF87D /* GitHub.framework in Embed Frameworks */,
			);
			name = "Embed Frameworks";
			runOnlyForDeploymentPostprocessing = 0;
		};
/* End PBXCopyFilesBuildPhase section */

/* Begin PBXFileReference section */
		37CFA82F2158E43500CFF87D /* GitHub.framework */ = {isa = PBXFileReference; explicitFileType = wrapper.framework; path = GitHub.framework; sourceTree = BUILT_PRODUCTS_DIR; };
		B504EE58215A850A004235D9 /* UserDetail.storyboard */ = {isa = PBXFileReference; lastKnownFileType = file.storyboard; path = UserDetail.storyboard; sourceTree = "<group>"; };
		B504EE5A215A8AED004235D9 /* RepositoryCell.xib */ = {isa = PBXFileReference; lastKnownFileType = file.xib; path = RepositoryCell.xib; sourceTree = "<group>"; };
		B504EE5C215A8D0A004235D9 /* RepositoryCell.swift */ = {isa = PBXFileReference; lastKnownFileType = sourcecode.swift; path = RepositoryCell.swift; sourceTree = "<group>"; };
		B5A089B42157F6D1007D640A /* SearchUserPresenter.swift */ = {isa = PBXFileReference; lastKnownFileType = sourcecode.swift; path = SearchUserPresenter.swift; sourceTree = "<group>"; };
		B5C4CB112157D82500715630 /* UserCell.swift */ = {isa = PBXFileReference; lastKnownFileType = sourcecode.swift; path = UserCell.swift; sourceTree = "<group>"; };
		B5C4CB132157D91C00715630 /* UserCell.xib */ = {isa = PBXFileReference; lastKnownFileType = file.xib; path = UserCell.xib; sourceTree = "<group>"; };
		B5C8817621577A4300185577 /* RouterSample.app */ = {isa = PBXFileReference; explicitFileType = wrapper.application; includeInIndex = 0; path = RouterSample.app; sourceTree = BUILT_PRODUCTS_DIR; };
		B5C8817921577A4300185577 /* AppDelegate.swift */ = {isa = PBXFileReference; lastKnownFileType = sourcecode.swift; path = AppDelegate.swift; sourceTree = "<group>"; };
		B5C8818021577A4500185577 /* Assets.xcassets */ = {isa = PBXFileReference; lastKnownFileType = folder.assetcatalog; path = Assets.xcassets; sourceTree = "<group>"; };
		B5C8818321577A4500185577 /* Base */ = {isa = PBXFileReference; lastKnownFileType = file.storyboard; name = Base; path = Base.lproj/LaunchScreen.storyboard; sourceTree = "<group>"; };
		B5C8818521577A4500185577 /* Info.plist */ = {isa = PBXFileReference; lastKnownFileType = text.plist.xml; path = Info.plist; sourceTree = "<group>"; };
		B5C8819C2157819100185577 /* SearchUser.storyboard */ = {isa = PBXFileReference; lastKnownFileType = file.storyboard; path = SearchUser.storyboard; sourceTree = "<group>"; };
		B5C8819E2157819E00185577 /* SearchUserViewController.swift */ = {isa = PBXFileReference; lastKnownFileType = sourcecode.swift; path = SearchUserViewController.swift; sourceTree = "<group>"; };
		D31F74CF9A448BA618FF686C /* UserDetailModel.swift */ = {isa = PBXFileReference; fileEncoding = 4; lastKnownFileType = sourcecode.swift; path = UserDetailModel.swift; sourceTree = "<group>"; };
		D31F75B40F997A98D2EB692F /* SearchUserModel.swift */ = {isa = PBXFileReference; fileEncoding = 4; lastKnownFileType = sourcecode.swift; path = SearchUserModel.swift; sourceTree = "<group>"; };
		D31F768171E4D00006B56C06 /* SearchUserRouter.swift */ = {isa = PBXFileReference; fileEncoding = 4; lastKnownFileType = sourcecode.swift; path = SearchUserRouter.swift; sourceTree = "<group>"; };
		D31F77ED50D870127CF74E0F /* UserDetailPresenter.swift */ = {isa = PBXFileReference; fileEncoding = 4; lastKnownFileType = sourcecode.swift; path = UserDetailPresenter.swift; sourceTree = "<group>"; };
		D31F7BDDD6F7050BBA43895E /* UserDetailViewController.swift */ = {isa = PBXFileReference; fileEncoding = 4; lastKnownFileType = sourcecode.swift; path = UserDetailViewController.swift; sourceTree = "<group>"; };
		D31F7BF85032AB72F2BE5ECE /* Transitioner.swift */ = {isa = PBXFileReference; fileEncoding = 4; lastKnownFileType = sourcecode.swift; path = Transitioner.swift; sourceTree = "<group>"; };
/* End PBXFileReference section */

/* Begin PBXFrameworksBuildPhase section */
		B5C8817321577A4300185577 /* Frameworks */ = {
			isa = PBXFrameworksBuildPhase;
			buildActionMask = 2147483647;
			files = (
				37CFA8312158E43900CFF87D /* GitHub.framework in Frameworks */,
			);
			runOnlyForDeploymentPostprocessing = 0;
		};
/* End PBXFrameworksBuildPhase section */

/* Begin PBXGroup section */
		B5C8816D21577A4300185577 = {
			isa = PBXGroup;
			children = (
				B5C8817821577A4300185577 /* RouterSample */,
				B5C8817721577A4300185577 /* Products */,
				B5C881A0215783F500185577 /* Frameworks */,
			);
			sourceTree = "<group>";
		};
		B5C8817721577A4300185577 /* Products */ = {
			isa = PBXGroup;
			children = (
				B5C8817621577A4300185577 /* RouterSample.app */,
			);
			name = Products;
			sourceTree = "<group>";
		};
		B5C8817821577A4300185577 /* RouterSample */ = {
			isa = PBXGroup;
			children = (
				B5C8817921577A4300185577 /* AppDelegate.swift */,
				B504EE5C215A8D0A004235D9 /* RepositoryCell.swift */,
				B504EE5A215A8AED004235D9 /* RepositoryCell.xib */,
				B5C4CB112157D82500715630 /* UserCell.swift */,
				B5C4CB132157D91C00715630 /* UserCell.xib */,
				B5C881992157814A00185577 /* SearchUser */,
				B5C8819A2157815800185577 /* UserDetail */,
				B5C8818021577A4500185577 /* Assets.xcassets */,
				B5C8818221577A4500185577 /* LaunchScreen.storyboard */,
				B5C8818521577A4500185577 /* Info.plist */,
				D31F7BF85032AB72F2BE5ECE /* Transitioner.swift */,
			);
			path = RouterSample;
			sourceTree = "<group>";
		};
		B5C881992157814A00185577 /* SearchUser */ = {
			isa = PBXGroup;
			children = (
				B5C8819C2157819100185577 /* SearchUser.storyboard */,
				B5C8819E2157819E00185577 /* SearchUserViewController.swift */,
				B5A089B42157F6D1007D640A /* SearchUserPresenter.swift */,
				D31F75B40F997A98D2EB692F /* SearchUserModel.swift */,
				D31F768171E4D00006B56C06 /* SearchUserRouter.swift */,
			);
			path = SearchUser;
			sourceTree = "<group>";
		};
		B5C8819A2157815800185577 /* UserDetail */ = {
			isa = PBXGroup;
			children = (
				D31F7BDDD6F7050BBA43895E /* UserDetailViewController.swift */,
				B504EE58215A850A004235D9 /* UserDetail.storyboard */,
				D31F77ED50D870127CF74E0F /* UserDetailPresenter.swift */,
				D31F74CF9A448BA618FF686C /* UserDetailModel.swift */,
			);
			path = UserDetail;
			sourceTree = "<group>";
		};
		B5C881A0215783F500185577 /* Frameworks */ = {
			isa = PBXGroup;
			children = (
				37CFA82F2158E43500CFF87D /* GitHub.framework */,
			);
			name = Frameworks;
			sourceTree = "<group>";
		};
/* End PBXGroup section */

/* Begin PBXNativeTarget section */
		B5C8817521577A4300185577 /* RouterSample */ = {
			isa = PBXNativeTarget;
			buildConfigurationList = B5C8819321577A4500185577 /* Build configuration list for PBXNativeTarget "RouterSample" */;
			buildPhases = (
				B5C8817221577A4300185577 /* Sources */,
				B5C8817321577A4300185577 /* Frameworks */,
				B5C8817421577A4300185577 /* Resources */,
				37CFA8332158E43900CFF87D /* Embed Frameworks */,
			);
			buildRules = (
			);
			dependencies = (
			);
			name = RouterSample;
			productName = RouterSample;
			productReference = B5C8817621577A4300185577 /* RouterSample.app */;
			productType = "com.apple.product-type.application";
		};
/* End PBXNativeTarget section */

/* Begin PBXProject section */
		B5C8816E21577A4300185577 /* Project object */ = {
			isa = PBXProject;
			attributes = {
				LastSwiftUpdateCheck = 1000;
				LastUpgradeCheck = 1000;
				ORGANIZATIONNAME = "Kenji Tanaka";
				TargetAttributes = {
					B5C8817521577A4300185577 = {
						CreatedOnToolsVersion = 10.0;
						LastSwiftMigration = 1240;
					};
				};
			};
			buildConfigurationList = B5C8817121577A4300185577 /* Build configuration list for PBXProject "RouterSample" */;
			compatibilityVersion = "Xcode 9.3";
			developmentRegion = en;
			hasScannedForEncodings = 0;
			knownRegions = (
				en,
				Base,
			);
			mainGroup = B5C8816D21577A4300185577;
			productRefGroup = B5C8817721577A4300185577 /* Products */;
			projectDirPath = "";
			projectRoot = "";
			targets = (
				B5C8817521577A4300185577 /* RouterSample */,
			);
		};
/* End PBXProject section */

/* Begin PBXResourcesBuildPhase section */
		B5C8817421577A4300185577 /* Resources */ = {
			isa = PBXResourcesBuildPhase;
			buildActionMask = 2147483647;
			files = (
				B5C4CB142157D91C00715630 /* UserCell.xib in Resources */,
				B5C8818421577A4500185577 /* LaunchScreen.storyboard in Resources */,
				B504EE59215A850A004235D9 /* UserDetail.storyboard in Resources */,
				B504EE5B215A8AED004235D9 /* RepositoryCell.xib in Resources */,
				B5C8819D2157819100185577 /* SearchUser.storyboard in Resources */,
				B5C8818121577A4500185577 /* Assets.xcassets in Resources */,
			);
			runOnlyForDeploymentPostprocessing = 0;
		};
/* End PBXResourcesBuildPhase section */

/* Begin PBXSourcesBuildPhase section */
		B5C8817221577A4300185577 /* Sources */ = {
			isa = PBXSourcesBuildPhase;
			buildActionMask = 2147483647;
			files = (
				B504EE5D215A8D0A004235D9 /* RepositoryCell.swift in Sources */,
				B5C8817A21577A4300185577 /* AppDelegate.swift in Sources */,
				B5C8819F2157819E00185577 /* SearchUserViewController.swift in Sources */,
				B5A089B52157F6D1007D640A /* SearchUserPresenter.swift in Sources */,
				B5C4CB122157D82500715630 /* UserCell.swift in Sources */,
				D31F74422F418B4713549AC1 /* SearchUserModel.swift in Sources */,
				D31F70875C9393FA88CE35BD /* SearchUserRouter.swift in Sources */,
				D31F7532B892DCE9B6B6FDDB /* Transitioner.swift in Sources */,
				D31F7F66DE59596349E3765E /* UserDetailViewController.swift in Sources */,
				D31F7045BA0581082469F0A0 /* UserDetailPresenter.swift in Sources */,
				D31F70FF4D66775ED911AB00 /* UserDetailModel.swift in Sources */,
			);
			runOnlyForDeploymentPostprocessing = 0;
		};
/* End PBXSourcesBuildPhase section */

/* Begin PBXVariantGroup section */
		B5C8818221577A4500185577 /* LaunchScreen.storyboard */ = {
			isa = PBXVariantGroup;
			children = (
				B5C8818321577A4500185577 /* Base */,
			);
			name = LaunchScreen.storyboard;
			sourceTree = "<group>";
		};
/* End PBXVariantGroup section */

/* Begin XCBuildConfiguration section */
		B5C8819121577A4500185577 /* Debug */ = {
			isa = XCBuildConfiguration;
			buildSettings = {
				ALWAYS_SEARCH_USER_PATHS = NO;
				CLANG_ANALYZER_NONNULL = YES;
				CLANG_ANALYZER_NUMBER_OBJECT_CONVERSION = YES_AGGRESSIVE;
				CLANG_CXX_LANGUAGE_STANDARD = "gnu++14";
				CLANG_CXX_LIBRARY = "libc++";
				CLANG_ENABLE_MODULES = YES;
				CLANG_ENABLE_OBJC_ARC = YES;
				CLANG_ENABLE_OBJC_WEAK = YES;
				CLANG_WARN_BLOCK_CAPTURE_AUTORELEASING = YES;
				CLANG_WARN_BOOL_CONVERSION = YES;
				CLANG_WARN_COMMA = YES;
				CLANG_WARN_CONSTANT_CONVERSION = YES;
				CLANG_WARN_DEPRECATED_OBJC_IMPLEMENTATIONS = YES;
				CLANG_WARN_DIRECT_OBJC_ISA_USAGE = YES_ERROR;
				CLANG_WARN_DOCUMENTATION_COMMENTS = YES;
				CLANG_WARN_EMPTY_BODY = YES;
				CLANG_WARN_ENUM_CONVERSION = YES;
				CLANG_WARN_INFINITE_RECURSION = YES;
				CLANG_WARN_INT_CONVERSION = YES;
				CLANG_WARN_NON_LITERAL_NULL_CONVERSION = YES;
				CLANG_WARN_OBJC_IMPLICIT_RETAIN_SELF = YES;
				CLANG_WARN_OBJC_LITERAL_CONVERSION = YES;
				CLANG_WARN_OBJC_ROOT_CLASS = YES_ERROR;
				CLANG_WARN_RANGE_LOOP_ANALYSIS = YES;
				CLANG_WARN_STRICT_PROTOTYPES = YES;
				CLANG_WARN_SUSPICIOUS_MOVE = YES;
				CLANG_WARN_UNGUARDED_AVAILABILITY = YES_AGGRESSIVE;
				CLANG_WARN_UNREACHABLE_CODE = YES;
				CLANG_WARN__DUPLICATE_METHOD_MATCH = YES;
				CODE_SIGN_IDENTITY = "iPhone Developer";
				COPY_PHASE_STRIP = NO;
				DEBUG_INFORMATION_FORMAT = dwarf;
				ENABLE_STRICT_OBJC_MSGSEND = YES;
				ENABLE_TESTABILITY = YES;
				GCC_C_LANGUAGE_STANDARD = gnu11;
				GCC_DYNAMIC_NO_PIC = NO;
				GCC_NO_COMMON_BLOCKS = YES;
				GCC_OPTIMIZATION_LEVEL = 0;
				GCC_PREPROCESSOR_DEFINITIONS = (
					"DEBUG=1",
					"$(inherited)",
				);
				GCC_WARN_64_TO_32_BIT_CONVERSION = YES;
				GCC_WARN_ABOUT_RETURN_TYPE = YES_ERROR;
				GCC_WARN_UNDECLARED_SELECTOR = YES;
				GCC_WARN_UNINITIALIZED_AUTOS = YES_AGGRESSIVE;
				GCC_WARN_UNUSED_FUNCTION = YES;
				GCC_WARN_UNUSED_VARIABLE = YES;
				IPHONEOS_DEPLOYMENT_TARGET = 12.0;
				MTL_ENABLE_DEBUG_INFO = INCLUDE_SOURCE;
				MTL_FAST_MATH = YES;
				ONLY_ACTIVE_ARCH = YES;
				SDKROOT = iphoneos;
				SWIFT_ACTIVE_COMPILATION_CONDITIONS = DEBUG;
				SWIFT_OPTIMIZATION_LEVEL = "-Onone";
			};
			name = Debug;
		};
		B5C8819221577A4500185577 /* Release */ = {
			isa = XCBuildConfiguration;
			buildSettings = {
				ALWAYS_SEARCH_USER_PATHS = NO;
				CLANG_ANALYZER_NONNULL = YES;
				CLANG_ANALYZER_NUMBER_OBJECT_CONVERSION = YES_AGGRESSIVE;
				CLANG_CXX_LANGUAGE_STANDARD = "gnu++14";
				CLANG_CXX_LIBRARY = "libc++";
				CLANG_ENABLE_MODULES = YES;
				CLANG_ENABLE_OBJC_ARC = YES;
				CLANG_ENABLE_OBJC_WEAK = YES;
				CLANG_WARN_BLOCK_CAPTURE_AUTORELEASING = YES;
				CLANG_WARN_BOOL_CONVERSION = YES;
				CLANG_WARN_COMMA = YES;
				CLANG_WARN_CONSTANT_CONVERSION = YES;
				CLANG_WARN_DEPRECATED_OBJC_IMPLEMENTATIONS = YES;
				CLANG_WARN_DIRECT_OBJC_ISA_USAGE = YES_ERROR;
				CLANG_WARN_DOCUMENTATION_COMMENTS = YES;
				CLANG_WARN_EMPTY_BODY = YES;
				CLANG_WARN_ENUM_CONVERSION = YES;
				CLANG_WARN_INFINITE_RECURSION = YES;
				CLANG_WARN_INT_CONVERSION = YES;
				CLANG_WARN_NON_LITERAL_NULL_CONVERSION = YES;
				CLANG_WARN_OBJC_IMPLICIT_RETAIN_SELF = YES;
				CLANG_WARN_OBJC_LITERAL_CONVERSION = YES;
				CLANG_WARN_OBJC_ROOT_CLASS = YES_ERROR;
				CLANG_WARN_RANGE_LOOP_ANALYSIS = YES;
				CLANG_WARN_STRICT_PROTOTYPES = YES;
				CLANG_WARN_SUSPICIOUS_MOVE = YES;
				CLANG_WARN_UNGUARDED_AVAILABILITY = YES_AGGRESSIVE;
				CLANG_WARN_UNREACHABLE_CODE = YES;
				CLANG_WARN__DUPLICATE_METHOD_MATCH = YES;
				CODE_SIGN_IDENTITY = "iPhone Developer";
				COPY_PHASE_STRIP = NO;
				DEBUG_INFORMATION_FORMAT = "dwarf-with-dsym";
				ENABLE_NS_ASSERTIONS = NO;
				ENABLE_STRICT_OBJC_MSGSEND = YES;
				GCC_C_LANGUAGE_STANDARD = gnu11;
				GCC_NO_COMMON_BLOCKS = YES;
				GCC_WARN_64_TO_32_BIT_CONVERSION = YES;
				GCC_WARN_ABOUT_RETURN_TYPE = YES_ERROR;
				GCC_WARN_UNDECLARED_SELECTOR = YES;
				GCC_WARN_UNINITIALIZED_AUTOS = YES_AGGRESSIVE;
				GCC_WARN_UNUSED_FUNCTION = YES;
				GCC_WARN_UNUSED_VARIABLE = YES;
				IPHONEOS_DEPLOYMENT_TARGET = 12.0;
				MTL_ENABLE_DEBUG_INFO = NO;
				MTL_FAST_MATH = YES;
				SDKROOT = iphoneos;
				SWIFT_COMPILATION_MODE = wholemodule;
				SWIFT_OPTIMIZATION_LEVEL = "-O";
				VALIDATE_PRODUCT = YES;
			};
			name = Release;
		};
		B5C8819421577A4500185577 /* Debug */ = {
			isa = XCBuildConfiguration;
			buildSettings = {
				ASSETCATALOG_COMPILER_APPICON_NAME = AppIcon;
				CODE_SIGN_STYLE = Automatic;
				INFOPLIST_FILE = RouterSample/Info.plist;
				LD_RUNPATH_SEARCH_PATHS = (
					"$(inherited)",
					"@executable_path/Frameworks",
				);
				PRODUCT_BUNDLE_IDENTIFIER = com.peaks.ktanaka117.RouterSample;
				PRODUCT_NAME = "$(TARGET_NAME)";
				SWIFT_VERSION = 5.0;
				TARGETED_DEVICE_FAMILY = "1,2";
			};
			name = Debug;
		};
		B5C8819521577A4500185577 /* Release */ = {
			isa = XCBuildConfiguration;
			buildSettings = {
				ASSETCATALOG_COMPILER_APPICON_NAME = AppIcon;
				CODE_SIGN_STYLE = Automatic;
				INFOPLIST_FILE = RouterSample/Info.plist;
				LD_RUNPATH_SEARCH_PATHS = (
					"$(inherited)",
					"@executable_path/Frameworks",
				);
				PRODUCT_BUNDLE_IDENTIFIER = com.peaks.ktanaka117.RouterSample;
				PRODUCT_NAME = "$(TARGET_NAME)";
				SWIFT_VERSION = 5.0;
				TARGETED_DEVICE_FAMILY = "1,2";
			};
			name = Release;
		};
/* End XCBuildConfiguration section */

/* Begin XCConfigurationList section */
		B5C8817121577A4300185577 /* Build configuration list for PBXProject "RouterSample" */ = {
			isa = XCConfigurationList;
			buildConfigurations = (
				B5C8819121577A4500185577 /* Debug */,
				B5C8819221577A4500185577 /* Release */,
			);
			defaultConfigurationIsVisible = 0;
			defaultConfigurationName = Release;
		};
		B5C8819321577A4500185577 /* Build configuration list for PBXNativeTarget "RouterSample" */ = {
			isa = XCConfigurationList;
			buildConfigurations = (
				B5C8819421577A4500185577 /* Debug */,
				B5C8819521577A4500185577 /* Release */,
			);
			defaultConfigurationIsVisible = 0;
			defaultConfigurationName = Release;
		};
/* End XCConfigurationList section */
	};
	rootObject = B5C8816E21577A4300185577 /* Project object */;
}
