PODS:
  - Alamofire (5.4.1)
  - GitHubAPI (0.0.1):
    - Alamofire (~> 5.4.0)
  - iOSSnapshotTestCase (6.2.0):
    - iOSSnapshotTestCase/SwiftSupport (= 6.2.0)
  - iOSSnapshotTestCase/Core (6.2.0)
  - iOSSnapshotTestCase/SwiftSupport (6.2.0):
    - iOSSnapshotTestCase/Core
  - MirrorDiffKit (5.0.1)
  - Mockingjay (2.0.1):
    - Mockingjay/Core (= 2.0.1)
    - Mockingjay/XCTest (= 2.0.1)
  - Mockingjay/Core (2.0.1):
    - URITemplate (~> 2.0)
  - Mockingjay/XCTest (2.0.1):
    - Mockingjay/Core
  - SwiftGen (6.4.0)
  - SwiftLint (0.42.0)
  - URITemplate (2.0.3)

DEPENDENCIES:
  - GitHubAPI (from `./GitHubAPI`)
  - iOSSnapshotTestCase
  - MirrorDiffKit
  - Mockingjay
  - SwiftGen
  - SwiftLint

SPEC REPOS:
  trunk:
    - Alamofire
    - iOSSnapshotTestCase
    - MirrorDiffKit
    - Mockingjay
    - SwiftGen
    - SwiftLint
    - URITemplate

EXTERNAL SOURCES:
  GitHubAPI:
    :path: "./GitHubAPI"
    :version: 0.0.1

SPEC CHECKSUMS:
  Alamofire: 2291f7d21ca607c491dd17642e5d40fdcda0e65c
  GitHubAPI: a74b24cdf4f7a18298496e6dac82fb2df76bdccb
  iOSSnapshotTestCase: 9ab44cb5aa62b84d31847f40680112e15ec579a6
  MirrorDiffKit: 0ee7f2522009144277b31ddbb4fd4261d31ebcc6
  Mockingjay: 11a621880d2887f1775bdcf824341eb68f218450
  SwiftGen: 67860cc7c3cfc2ed25b9b74cfd55495fc89f9108
  SwiftLint: 4fa9579c63416865179bc416f0a92d55f009600d
  URITemplate: ace0c4c46dcf8afe6e89b4060621852886b15c3b

PODFILE CHECKSUM: 26ea0712611d03072b6d60c01445633dac6d2d7b

COCOAPODS: 1.10.1
