// !$*UTF8*$!
{
	archiveVersion = 1;
	classes = {
	};
	objectVersion = 50;
	objects = {

/* Begin PBXBuildFile section */
		3758BAE7210F7E5D0052234A /* FavoritesViewController.swift in Sources */ = {isa = PBXBuildFile; fileRef = 3758BAE5210F7E5D0052234A /* FavoritesViewController.swift */; };
		3758BAE8210F7E5D0052234A /* FavoritesViewController.xib in Resources */ = {isa = PBXBuildFile; fileRef = 3758BAE6210F7E5D0052234A /* FavoritesViewController.xib */; };
		3758BAF5210F90BD0052234A /* RepositoryDetailViewController.swift in Sources */ = {isa = PBXBuildFile; fileRef = 3758BAF3210F90BD0052234A /* RepositoryDetailViewController.swift */; };
		3758BAF6210F90BD0052234A /* RepositoryDetailViewController.xib in Resources */ = {isa = PBXBuildFile; fileRef = 3758BAF4210F90BD0052234A /* RepositoryDetailViewController.xib */; };
		3758BAF9210F91300052234A /* WebKit.framework in Frameworks */ = {isa = PBXBuildFile; fileRef = 3758BAF8210F91300052234A /* WebKit.framework */; };
		3758BAFB2110C0950052234A /* FavoritesDataSource.swift in Sources */ = {isa = PBXBuildFile; fileRef = 3758BAFA2110C0950052234A /* FavoritesDataSource.swift */; };
		3758BAFE2110C8F00052234A /* LocalCache.swift in Sources */ = {isa = PBXBuildFile; fileRef = 3758BAFD2110C8F00052234A /* LocalCache.swift */; };
		3758BB002110CB290052234A /* LocalCacheKey.swift in Sources */ = {isa = PBXBuildFile; fileRef = 3758BAFF2110CB290052234A /* LocalCacheKey.swift */; };
		37C273E1210F572500F89B82 /* AppDelegate.swift in Sources */ = {isa = PBXBuildFile; fileRef = 37C273E0210F572500F89B82 /* AppDelegate.swift */; };
		37C273E6210F572500F89B82 /* Main.storyboard in Resources */ = {isa = PBXBuildFile; fileRef = 37C273E4210F572500F89B82 /* Main.storyboard */; };
		37C273E8210F572500F89B82 /* Assets.xcassets in Resources */ = {isa = PBXBuildFile; fileRef = 37C273E7210F572500F89B82 /* Assets.xcassets */; };
		37C273EB210F572500F89B82 /* LaunchScreen.storyboard in Resources */ = {isa = PBXBuildFile; fileRef = 37C273E9210F572500F89B82 /* LaunchScreen.storyboard */; };
		37C27402210F57AF00F89B82 /* Dispatcher.swift in Sources */ = {isa = PBXBuildFile; fileRef = 37C27401210F57AF00F89B82 /* Dispatcher.swift */; };
		37C27404210F57E700F89B82 /* Action.swift in Sources */ = {isa = PBXBuildFile; fileRef = 37C27403210F57E700F89B82 /* Action.swift */; };
		37C2740E210F5F7600F89B82 /* GitHubApiSession.swift in Sources */ = {isa = PBXBuildFile; fileRef = 37C2740D210F5F7600F89B82 /* GitHubApiSession.swift */; };
		37C2741C210F70A500F89B82 /* ActionCreator.swift in Sources */ = {isa = PBXBuildFile; fileRef = 37C2741B210F70A500F89B82 /* ActionCreator.swift */; };
		37C27420210F730300F89B82 /* Store.swift in Sources */ = {isa = PBXBuildFile; fileRef = 37C2741F210F730300F89B82 /* Store.swift */; };
		37E3DBA6214D5F74003B923B /* RepositorySearchViewController.swift in Sources */ = {isa = PBXBuildFile; fileRef = 37E3DBA4214D5F74003B923B /* RepositorySearchViewController.swift */; };
		37E3DBA7214D5F74003B923B /* RepositorySearchViewController.xib in Resources */ = {isa = PBXBuildFile; fileRef = 37E3DBA5214D5F74003B923B /* RepositorySearchViewController.xib */; };
		37E3DBA9214D5FD7003B923B /* RepositorySearchDataSource.swift in Sources */ = {isa = PBXBuildFile; fileRef = 37E3DBA8214D5FD7003B923B /* RepositorySearchDataSource.swift */; };
		37E3DBAF214D73C7003B923B /* SearchRepositoryStore.swift in Sources */ = {isa = PBXBuildFile; fileRef = 37E3DBAE214D73C7003B923B /* SearchRepositoryStore.swift */; };
		37E3DBB1214D77FF003B923B /* FavoriteRepositoryStore.swift in Sources */ = {isa = PBXBuildFile; fileRef = 37E3DBB0214D77FF003B923B /* FavoriteRepositoryStore.swift */; };
		37E3DBB3214D78A2003B923B /* SelectedRepositoryStore.swift in Sources */ = {isa = PBXBuildFile; fileRef = 37E3DBB2214D78A2003B923B /* SelectedRepositoryStore.swift */; };
		37F611922113661C00729937 /* DispatchQueue.debounce.swift in Sources */ = {isa = PBXBuildFile; fileRef = 37F611912113661C00729937 /* DispatchQueue.debounce.swift */; };
		EDC053D321134124002770F5 /* GitHub.framework in Frameworks */ = {isa = PBXBuildFile; fileRef = EDC053D12113411D002770F5 /* GitHub.framework */; };
		EDC053D421134124002770F5 /* GitHub.framework in Embed Frameworks */ = {isa = PBXBuildFile; fileRef = EDC053D12113411D002770F5 /* GitHub.framework */; settings = {ATTRIBUTES = (CodeSignOnCopy, RemoveHeadersOnCopy, ); }; };
/* End PBXBuildFile section */

/* Begin PBXCopyFilesBuildPhase section */
		EDC053CD211340E3002770F5 /* Embed Frameworks */ = {
			isa = PBXCopyFilesBuildPhase;
			buildActionMask = 2147483647;
			dstPath = "";
			dstSubfolderSpec = 10;
			files = (
				EDC053D421134124002770F5 /* GitHub.framework in Embed Frameworks */,
			);
			name = "Embed Frameworks";
			runOnlyForDeploymentPostprocessing = 0;
		};
/* End PBXCopyFilesBuildPhase section */

/* Begin PBXFileReference section */
		3758BAE5210F7E5D0052234A /* FavoritesViewController.swift */ = {isa = PBXFileReference; lastKnownFileType = sourcecode.swift; path = FavoritesViewController.swift; sourceTree = "<group>"; };
		3758BAE6210F7E5D0052234A /* FavoritesViewController.xib */ = {isa = PBXFileReference; lastKnownFileType = file.xib; path = FavoritesViewController.xib; sourceTree = "<group>"; };
		3758BAF3210F90BD0052234A /* RepositoryDetailViewController.swift */ = {isa = PBXFileReference; lastKnownFileType = sourcecode.swift; path = RepositoryDetailViewController.swift; sourceTree = "<group>"; };
		3758BAF4210F90BD0052234A /* RepositoryDetailViewController.xib */ = {isa = PBXFileReference; lastKnownFileType = file.xib; path = RepositoryDetailViewController.xib; sourceTree = "<group>"; };
		3758BAF8210F91300052234A /* WebKit.framework */ = {isa = PBXFileReference; lastKnownFileType = wrapper.framework; name = WebKit.framework; path = System/Library/Frameworks/WebKit.framework; sourceTree = SDKROOT; };
		3758BAFA2110C0950052234A /* FavoritesDataSource.swift */ = {isa = PBXFileReference; lastKnownFileType = sourcecode.swift; path = FavoritesDataSource.swift; sourceTree = "<group>"; };
		3758BAFD2110C8F00052234A /* LocalCache.swift */ = {isa = PBXFileReference; lastKnownFileType = sourcecode.swift; path = LocalCache.swift; sourceTree = "<group>"; };
		3758BAFF2110CB290052234A /* LocalCacheKey.swift */ = {isa = PBXFileReference; lastKnownFileType = sourcecode.swift; path = LocalCacheKey.swift; sourceTree = "<group>"; };
		37C273DD210F572500F89B82 /* FluxExample.app */ = {isa = PBXFileReference; explicitFileType = wrapper.application; includeInIndex = 0; path = FluxExample.app; sourceTree = BUILT_PRODUCTS_DIR; };
		37C273E0210F572500F89B82 /* AppDelegate.swift */ = {isa = PBXFileReference; lastKnownFileType = sourcecode.swift; path = AppDelegate.swift; sourceTree = "<group>"; };
		37C273E5210F572500F89B82 /* Base */ = {isa = PBXFileReference; lastKnownFileType = file.storyboard; name = Base; path = Base.lproj/Main.storyboard; sourceTree = "<group>"; };
		37C273E7210F572500F89B82 /* Assets.xcassets */ = {isa = PBXFileReference; lastKnownFileType = folder.assetcatalog; path = Assets.xcassets; sourceTree = "<group>"; };
		37C273EA210F572500F89B82 /* Base */ = {isa = PBXFileReference; lastKnownFileType = file.storyboard; name = Base; path = Base.lproj/LaunchScreen.storyboard; sourceTree = "<group>"; };
		37C273EC210F572500F89B82 /* Info.plist */ = {isa = PBXFileReference; lastKnownFileType = text.plist.xml; path = Info.plist; sourceTree = "<group>"; };
		37C27401210F57AF00F89B82 /* Dispatcher.swift */ = {isa = PBXFileReference; lastKnownFileType = sourcecode.swift; path = Dispatcher.swift; sourceTree = "<group>"; };
		37C27403210F57E700F89B82 /* Action.swift */ = {isa = PBXFileReference; lastKnownFileType = sourcecode.swift; path = Action.swift; sourceTree = "<group>"; };
		37C2740D210F5F7600F89B82 /* GitHubApiSession.swift */ = {isa = PBXFileReference; lastKnownFileType = sourcecode.swift; path = GitHubApiSession.swift; sourceTree = "<group>"; };
		37C2741B210F70A500F89B82 /* ActionCreator.swift */ = {isa = PBXFileReference; lastKnownFileType = sourcecode.swift; path = ActionCreator.swift; sourceTree = "<group>"; };
		37C2741F210F730300F89B82 /* Store.swift */ = {isa = PBXFileReference; lastKnownFileType = sourcecode.swift; path = Store.swift; sourceTree = "<group>"; };
		37E3DBA4214D5F74003B923B /* RepositorySearchViewController.swift */ = {isa = PBXFileReference; lastKnownFileType = sourcecode.swift; path = RepositorySearchViewController.swift; sourceTree = "<group>"; };
		37E3DBA5214D5F74003B923B /* RepositorySearchViewController.xib */ = {isa = PBXFileReference; lastKnownFileType = file.xib; path = RepositorySearchViewController.xib; sourceTree = "<group>"; };
		37E3DBA8214D5FD7003B923B /* RepositorySearchDataSource.swift */ = {isa = PBXFileReference; lastKnownFileType = sourcecode.swift; path = RepositorySearchDataSource.swift; sourceTree = "<group>"; };
		37E3DBAE214D73C7003B923B /* SearchRepositoryStore.swift */ = {isa = PBXFileReference; lastKnownFileType = sourcecode.swift; path = SearchRepositoryStore.swift; sourceTree = "<group>"; };
		37E3DBB0214D77FF003B923B /* FavoriteRepositoryStore.swift */ = {isa = PBXFileReference; lastKnownFileType = sourcecode.swift; path = FavoriteRepositoryStore.swift; sourceTree = "<group>"; };
		37E3DBB2214D78A2003B923B /* SelectedRepositoryStore.swift */ = {isa = PBXFileReference; lastKnownFileType = sourcecode.swift; path = SelectedRepositoryStore.swift; sourceTree = "<group>"; };
		37F611912113661C00729937 /* DispatchQueue.debounce.swift */ = {isa = PBXFileReference; lastKnownFileType = sourcecode.swift; path = DispatchQueue.debounce.swift; sourceTree = "<group>"; };
		EDC053D12113411D002770F5 /* GitHub.framework */ = {isa = PBXFileReference; explicitFileType = wrapper.framework; path = GitHub.framework; sourceTree = BUILT_PRODUCTS_DIR; };
/* End PBXFileReference section */

/* Begin PBXFrameworksBuildPhase section */
		37C273DA210F572500F89B82 /* Frameworks */ = {
			isa = PBXFrameworksBuildPhase;
			buildActionMask = 2147483647;
			files = (
				EDC053D321134124002770F5 /* GitHub.framework in Frameworks */,
				3758BAF9210F91300052234A /* WebKit.framework in Frameworks */,
			);
			runOnlyForDeploymentPostprocessing = 0;
		};
/* End PBXFrameworksBuildPhase section */

/* Begin PBXGroup section */
		3758BADE210F7C7A0052234A /* View */ = {
			isa = PBXGroup;
			children = (
				37E3DBA3214D5F21003B923B /* RepositorySearch */,
				3758BAF2210F90AA0052234A /* RepositoryDetail */,
				3758BAE4210F7E3E0052234A /* Favorites */,
			);
			path = View;
			sourceTree = "<group>";
		};
		3758BAE4210F7E3E0052234A /* Favorites */ = {
			isa = PBXGroup;
			children = (
				3758BAE5210F7E5D0052234A /* FavoritesViewController.swift */,
				3758BAE6210F7E5D0052234A /* FavoritesViewController.xib */,
				3758BAFA2110C0950052234A /* FavoritesDataSource.swift */,
			);
			path = Favorites;
			sourceTree = "<group>";
		};
		3758BAF2210F90AA0052234A /* RepositoryDetail */ = {
			isa = PBXGroup;
			children = (
				3758BAF3210F90BD0052234A /* RepositoryDetailViewController.swift */,
				3758BAF4210F90BD0052234A /* RepositoryDetailViewController.xib */,
			);
			path = RepositoryDetail;
			sourceTree = "<group>";
		};
		3758BAF7210F91300052234A /* Frameworks */ = {
			isa = PBXGroup;
			children = (
				EDC053D12113411D002770F5 /* GitHub.framework */,
				3758BAF8210F91300052234A /* WebKit.framework */,
			);
			name = Frameworks;
			sourceTree = "<group>";
		};
		3758BAFC2110C8DD0052234A /* Util */ = {
			isa = PBXGroup;
			children = (
				3758BAFD2110C8F00052234A /* LocalCache.swift */,
				3758BAFF2110CB290052234A /* LocalCacheKey.swift */,
				37F611912113661C00729937 /* DispatchQueue.debounce.swift */,
			);
			path = Util;
			sourceTree = "<group>";
		};
		37C273D4210F572500F89B82 = {
			isa = PBXGroup;
			children = (
				37C273DF210F572500F89B82 /* FluxExample */,
				37C273DE210F572500F89B82 /* Products */,
				3758BAF7210F91300052234A /* Frameworks */,
			);
			sourceTree = "<group>";
		};
		37C273DE210F572500F89B82 /* Products */ = {
			isa = PBXGroup;
			children = (
				37C273DD210F572500F89B82 /* FluxExample.app */,
			);
			name = Products;
			sourceTree = "<group>";
		};
		37C273DF210F572500F89B82 /* FluxExample */ = {
			isa = PBXGroup;
			children = (
				37C273E0210F572500F89B82 /* AppDelegate.swift */,
				3758BAFC2110C8DD0052234A /* Util */,
				3758BADE210F7C7A0052234A /* View */,
				37C2740F210F667500F89B82 /* GitHub */,
				37C27400210F576E00F89B82 /* Flux */,
				37C273E4210F572500F89B82 /* Main.storyboard */,
				37C273E7210F572500F89B82 /* Assets.xcassets */,
				37C273E9210F572500F89B82 /* LaunchScreen.storyboard */,
				37C273EC210F572500F89B82 /* Info.plist */,
			);
			path = FluxExample;
			sourceTree = "<group>";
		};
		37C27400210F576E00F89B82 /* Flux */ = {
			isa = PBXGroup;
			children = (
				37C27401210F57AF00F89B82 /* Dispatcher.swift */,
				37C27403210F57E700F89B82 /* Action.swift */,
				37C2741B210F70A500F89B82 /* ActionCreator.swift */,
				37C2741F210F730300F89B82 /* Store.swift */,
				37E3DBAE214D73C7003B923B /* SearchRepositoryStore.swift */,
				37E3DBB0214D77FF003B923B /* FavoriteRepositoryStore.swift */,
				37E3DBB2214D78A2003B923B /* SelectedRepositoryStore.swift */,
			);
			path = Flux;
			sourceTree = "<group>";
		};
		37C2740F210F667500F89B82 /* GitHub */ = {
			isa = PBXGroup;
			children = (
				37C2740D210F5F7600F89B82 /* GitHubApiSession.swift */,
			);
			path = GitHub;
			sourceTree = "<group>";
		};
		37E3DBA3214D5F21003B923B /* RepositorySearch */ = {
			isa = PBXGroup;
			children = (
				37E3DBA4214D5F74003B923B /* RepositorySearchViewController.swift */,
				37E3DBA5214D5F74003B923B /* RepositorySearchViewController.xib */,
				37E3DBA8214D5FD7003B923B /* RepositorySearchDataSource.swift */,
			);
			path = RepositorySearch;
			sourceTree = "<group>";
		};
/* End PBXGroup section */

/* Begin PBXNativeTarget section */
		37C273DC210F572500F89B82 /* FluxExample */ = {
			isa = PBXNativeTarget;
			buildConfigurationList = 37C273FA210F572500F89B82 /* Build configuration list for PBXNativeTarget "FluxExample" */;
			buildPhases = (
				37C273D9210F572500F89B82 /* Sources */,
				37C273DA210F572500F89B82 /* Frameworks */,
				37C273DB210F572500F89B82 /* Resources */,
				EDC053CD211340E3002770F5 /* Embed Frameworks */,
			);
			buildRules = (
			);
			dependencies = (
			);
			name = FluxExample;
			productName = FluxExample;
			productReference = 37C273DD210F572500F89B82 /* FluxExample.app */;
			productType = "com.apple.product-type.application";
		};
/* End PBXNativeTarget section */

/* Begin PBXProject section */
		37C273D5210F572500F89B82 /* Project object */ = {
			isa = PBXProject;
			attributes = {
				LastSwiftUpdateCheck = 0940;
				LastUpgradeCheck = 1240;
				ORGANIZATIONNAME = "marty-suzuki";
				TargetAttributes = {
					37C273DC210F572500F89B82 = {
						CreatedOnToolsVersion = 9.4.1;
						LastSwiftMigration = 1240;
					};
				};
			};
			buildConfigurationList = 37C273D8210F572500F89B82 /* Build configuration list for PBXProject "FluxExample" */;
			compatibilityVersion = "Xcode 9.3";
			developmentRegion = en;
			hasScannedForEncodings = 0;
			knownRegions = (
				en,
				Base,
			);
			mainGroup = 37C273D4210F572500F89B82;
			productRefGroup = 37C273DE210F572500F89B82 /* Products */;
			projectDirPath = "";
			projectRoot = "";
			targets = (
				37C273DC210F572500F89B82 /* FluxExample */,
			);
		};
/* End PBXProject section */

/* Begin PBXResourcesBuildPhase section */
		37C273DB210F572500F89B82 /* Resources */ = {
			isa = PBXResourcesBuildPhase;
			buildActionMask = 2147483647;
			files = (
				37E3DBA7214D5F74003B923B /* RepositorySearchViewController.xib in Resources */,
				3758BAF6210F90BD0052234A /* RepositoryDetailViewController.xib in Resources */,
				37C273EB210F572500F89B82 /* LaunchScreen.storyboard in Resources */,
				37C273E8210F572500F89B82 /* Assets.xcassets in Resources */,
				37C273E6210F572500F89B82 /* Main.storyboard in Resources */,
				3758BAE8210F7E5D0052234A /* FavoritesViewController.xib in Resources */,
			);
			runOnlyForDeploymentPostprocessing = 0;
		};
/* End PBXResourcesBuildPhase section */

/* Begin PBXSourcesBuildPhase section */
		37C273D9210F572500F89B82 /* Sources */ = {
			isa = PBXSourcesBuildPhase;
			buildActionMask = 2147483647;
			files = (
				37C273E1210F572500F89B82 /* AppDelegate.swift in Sources */,
				37E3DBA6214D5F74003B923B /* RepositorySearchViewController.swift in Sources */,
				37C2740E210F5F7600F89B82 /* GitHubApiSession.swift in Sources */,
				37C27420210F730300F89B82 /* Store.swift in Sources */,
				37C2741C210F70A500F89B82 /* ActionCreator.swift in Sources */,
				37E3DBB1214D77FF003B923B /* FavoriteRepositoryStore.swift in Sources */,
				3758BAFE2110C8F00052234A /* LocalCache.swift in Sources */,
				37C27404210F57E700F89B82 /* Action.swift in Sources */,
				37F611922113661C00729937 /* DispatchQueue.debounce.swift in Sources */,
				37E3DBB3214D78A2003B923B /* SelectedRepositoryStore.swift in Sources */,
				37E3DBA9214D5FD7003B923B /* RepositorySearchDataSource.swift in Sources */,
				3758BAE7210F7E5D0052234A /* FavoritesViewController.swift in Sources */,
				37C27402210F57AF00F89B82 /* Dispatcher.swift in Sources */,
				3758BAFB2110C0950052234A /* FavoritesDataSource.swift in Sources */,
				3758BAF5210F90BD0052234A /* RepositoryDetailViewController.swift in Sources */,
				3758BB002110CB290052234A /* LocalCacheKey.swift in Sources */,
				37E3DBAF214D73C7003B923B /* SearchRepositoryStore.swift in Sources */,
			);
			runOnlyForDeploymentPostprocessing = 0;
		};
/* End PBXSourcesBuildPhase section */

/* Begin PBXVariantGroup section */
		37C273E4210F572500F89B82 /* Main.storyboard */ = {
			isa = PBXVariantGroup;
			children = (
				37C273E5210F572500F89B82 /* Base */,
			);
			name = Main.storyboard;
			sourceTree = "<group>";
		};
		37C273E9210F572500F89B82 /* LaunchScreen.storyboard */ = {
			isa = PBXVariantGroup;
			children = (
				37C273EA210F572500F89B82 /* Base */,
			);
			name = LaunchScreen.storyboard;
			sourceTree = "<group>";
		};
/* End PBXVariantGroup section */

/* Begin XCBuildConfiguration section */
		37C273F8210F572500F89B82 /* Debug */ = {
			isa = XCBuildConfiguration;
			buildSettings = {
				ALWAYS_SEARCH_USER_PATHS = NO;
				CLANG_ANALYZER_NONNULL = YES;
				CLANG_ANALYZER_NUMBER_OBJECT_CONVERSION = YES_AGGRESSIVE;
				CLANG_CXX_LANGUAGE_STANDARD = "gnu++14";
				CLANG_CXX_LIBRARY = "libc++";
				CLANG_ENABLE_MODULES = YES;
				CLANG_ENABLE_OBJC_ARC = YES;
				CLANG_ENABLE_OBJC_WEAK = YES;
				CLANG_WARN_BLOCK_CAPTURE_AUTORELEASING = YES;
				CLANG_WARN_BOOL_CONVERSION = YES;
				CLANG_WARN_COMMA = YES;
				CLANG_WARN_CONSTANT_CONVERSION = YES;
				CLANG_WARN_DEPRECATED_OBJC_IMPLEMENTATIONS = YES;
				CLANG_WARN_DIRECT_OBJC_ISA_USAGE = YES_ERROR;
				CLANG_WARN_DOCUMENTATION_COMMENTS = YES;
				CLANG_WARN_EMPTY_BODY = YES;
				CLANG_WARN_ENUM_CONVERSION = YES;
				CLANG_WARN_INFINITE_RECURSION = YES;
				CLANG_WARN_INT_CONVERSION = YES;
				CLANG_WARN_NON_LITERAL_NULL_CONVERSION = YES;
				CLANG_WARN_OBJC_IMPLICIT_RETAIN_SELF = YES;
				CLANG_WARN_OBJC_LITERAL_CONVERSION = YES;
				CLANG_WARN_OBJC_ROOT_CLASS = YES_ERROR;
				CLANG_WARN_QUOTED_INCLUDE_IN_FRAMEWORK_HEADER = YES;
				CLANG_WARN_RANGE_LOOP_ANALYSIS = YES;
				CLANG_WARN_STRICT_PROTOTYPES = YES;
				CLANG_WARN_SUSPICIOUS_MOVE = YES;
				CLANG_WARN_UNGUARDED_AVAILABILITY = YES_AGGRESSIVE;
				CLANG_WARN_UNREACHABLE_CODE = YES;
				CLANG_WARN__DUPLICATE_METHOD_MATCH = YES;
				CODE_SIGN_IDENTITY = "iPhone Developer";
				COPY_PHASE_STRIP = NO;
				DEBUG_INFORMATION_FORMAT = dwarf;
				ENABLE_STRICT_OBJC_MSGSEND = YES;
				ENABLE_TESTABILITY = YES;
				GCC_C_LANGUAGE_STANDARD = gnu11;
				GCC_DYNAMIC_NO_PIC = NO;
				GCC_NO_COMMON_BLOCKS = YES;
				GCC_OPTIMIZATION_LEVEL = 0;
				GCC_PREPROCESSOR_DEFINITIONS = (
					"DEBUG=1",
					"$(inherited)",
				);
				GCC_WARN_64_TO_32_BIT_CONVERSION = YES;
				GCC_WARN_ABOUT_RETURN_TYPE = YES_ERROR;
				GCC_WARN_UNDECLARED_SELECTOR = YES;
				GCC_WARN_UNINITIALIZED_AUTOS = YES_AGGRESSIVE;
				GCC_WARN_UNUSED_FUNCTION = YES;
				GCC_WARN_UNUSED_VARIABLE = YES;
				IPHONEOS_DEPLOYMENT_TARGET = 12.1;
				MTL_ENABLE_DEBUG_INFO = YES;
				ONLY_ACTIVE_ARCH = YES;
				SDKROOT = iphoneos;
				SWIFT_ACTIVE_COMPILATION_CONDITIONS = DEBUG;
				SWIFT_OPTIMIZATION_LEVEL = "-Onone";
			};
			name = Debug;
		};
		37C273F9210F572500F89B82 /* Release */ = {
			isa = XCBuildConfiguration;
			buildSettings = {
				ALWAYS_SEARCH_USER_PATHS = NO;
				CLANG_ANALYZER_NONNULL = YES;
				CLANG_ANALYZER_NUMBER_OBJECT_CONVERSION = YES_AGGRESSIVE;
				CLANG_CXX_LANGUAGE_STANDARD = "gnu++14";
				CLANG_CXX_LIBRARY = "libc++";
				CLANG_ENABLE_MODULES = YES;
				CLANG_ENABLE_OBJC_ARC = YES;
				CLANG_ENABLE_OBJC_WEAK = YES;
				CLANG_WARN_BLOCK_CAPTURE_AUTORELEASING = YES;
				CLANG_WARN_BOOL_CONVERSION = YES;
				CLANG_WARN_COMMA = YES;
				CLANG_WARN_CONSTANT_CONVERSION = YES;
				CLANG_WARN_DEPRECATED_OBJC_IMPLEMENTATIONS = YES;
				CLANG_WARN_DIRECT_OBJC_ISA_USAGE = YES_ERROR;
				CLANG_WARN_DOCUMENTATION_COMMENTS = YES;
				CLANG_WARN_EMPTY_BODY = YES;
				CLANG_WARN_ENUM_CONVERSION = YES;
				CLANG_WARN_INFINITE_RECURSION = YES;
				CLANG_WARN_INT_CONVERSION = YES;
				CLANG_WARN_NON_LITERAL_NULL_CONVERSION = YES;
				CLANG_WARN_OBJC_IMPLICIT_RETAIN_SELF = YES;
				CLANG_WARN_OBJC_LITERAL_CONVERSION = YES;
				CLANG_WARN_OBJC_ROOT_CLASS = YES_ERROR;
				CLANG_WARN_QUOTED_INCLUDE_IN_FRAMEWORK_HEADER = YES;
				CLANG_WARN_RANGE_LOOP_ANALYSIS = YES;
				CLANG_WARN_STRICT_PROTOTYPES = YES;
				CLANG_WARN_SUSPICIOUS_MOVE = YES;
				CLANG_WARN_UNGUARDED_AVAILABILITY = YES_AGGRESSIVE;
				CLANG_WARN_UNREACHABLE_CODE = YES;
				CLANG_WARN__DUPLICATE_METHOD_MATCH = YES;
				CODE_SIGN_IDENTITY = "iPhone Developer";
				COPY_PHASE_STRIP = NO;
				DEBUG_INFORMATION_FORMAT = "dwarf-with-dsym";
				ENABLE_NS_ASSERTIONS = NO;
				ENABLE_STRICT_OBJC_MSGSEND = YES;
				GCC_C_LANGUAGE_STANDARD = gnu11;
				GCC_NO_COMMON_BLOCKS = YES;
				GCC_WARN_64_TO_32_BIT_CONVERSION = YES;
				GCC_WARN_ABOUT_RETURN_TYPE = YES_ERROR;
				GCC_WARN_UNDECLARED_SELECTOR = YES;
				GCC_WARN_UNINITIALIZED_AUTOS = YES_AGGRESSIVE;
				GCC_WARN_UNUSED_FUNCTION = YES;
				GCC_WARN_UNUSED_VARIABLE = YES;
				IPHONEOS_DEPLOYMENT_TARGET = 12.1;
				MTL_ENABLE_DEBUG_INFO = NO;
				SDKROOT = iphoneos;
				SWIFT_COMPILATION_MODE = wholemodule;
				SWIFT_OPTIMIZATION_LEVEL = "-O";
				VALIDATE_PRODUCT = YES;
			};
			name = Release;
		};
		37C273FB210F572500F89B82 /* Debug */ = {
			isa = XCBuildConfiguration;
			buildSettings = {
				ASSETCATALOG_COMPILER_APPICON_NAME = AppIcon;
				CODE_SIGN_STYLE = Manual;
				DEVELOPMENT_TEAM = "";
				INFOPLIST_FILE = FluxExample/Info.plist;
				IPHONEOS_DEPLOYMENT_TARGET = 12.0;
				LD_RUNPATH_SEARCH_PATHS = (
					"$(inherited)",
					"@executable_path/Frameworks",
				);
				PRODUCT_BUNDLE_IDENTIFIER = "jp.marty-suzuki.FluxExample";
				PRODUCT_NAME = "$(TARGET_NAME)";
				PROVISIONING_PROFILE_SPECIFIER = "";
				SWIFT_VERSION = 5.0;
				TARGETED_DEVICE_FAMILY = "1,2";
			};
			name = Debug;
		};
		37C273FC210F572500F89B82 /* Release */ = {
			isa = XCBuildConfiguration;
			buildSettings = {
				ASSETCATALOG_COMPILER_APPICON_NAME = AppIcon;
				CODE_SIGN_STYLE = Manual;
				DEVELOPMENT_TEAM = "";
				INFOPLIST_FILE = FluxExample/Info.plist;
				IPHONEOS_DEPLOYMENT_TARGET = 12.0;
				LD_RUNPATH_SEARCH_PATHS = (
					"$(inherited)",
					"@executable_path/Frameworks",
				);
				PRODUCT_BUNDLE_IDENTIFIER = "jp.marty-suzuki.FluxExample";
				PRODUCT_NAME = "$(TARGET_NAME)";
				PROVISIONING_PROFILE_SPECIFIER = "";
				SWIFT_VERSION = 5.0;
				TARGETED_DEVICE_FAMILY = "1,2";
			};
			name = Release;
		};
/* End XCBuildConfiguration section */

/* Begin XCConfigurationList section */
		37C273D8210F572500F89B82 /* Build configuration list for PBXProject "FluxExample" */ = {
			isa = XCConfigurationList;
			buildConfigurations = (
				37C273F8210F572500F89B82 /* Debug */,
				37C273F9210F572500F89B82 /* Release */,
			);
			defaultConfigurationIsVisible = 0;
			defaultConfigurationName = Release;
		};
		37C273FA210F572500F89B82 /* Build configuration list for PBXNativeTarget "FluxExample" */ = {
			isa = XCConfigurationList;
			buildConfigurations = (
				37C273FB210F572500F89B82 /* Debug */,
				37C273FC210F572500F89B82 /* Release */,
			);
			defaultConfigurationIsVisible = 0;
			defaultConfigurationName = Release;
		};
/* End XCConfigurationList section */
	};
	rootObject = 37C273D5210F572500F89B82 /* Project object */;
}
